
Microsoft Visual Studio Solution File, Format Version 12.00
# Visual Studio Version 17
VisualStudioVersion = 17.7.34221.43
MinimumVisualStudioVersion = 10.0.40219.1
Project("{8BC9CEB8-8B4A-11D0-8D11-00A0C91BC942}") = "Bai002", "Bai002\Bai002.vcxproj", "{26983B60-AC17-4DEF-B2A5-097D75C6EC4F}"
EndProject
Project("{8BC9CEB8-8B4A-11D0-8D11-00A0C91BC942}") = "Bai007", "Bai007\Bai007.vcxproj", "{5B7FC859-FFC0-4407-8FE4-87A7C58E82D7}"
EndProject
Project("{8BC9CEB8-8B4A-11D0-8D11-00A0C91BC942}") = "Bai012", "Bai012\Bai012.vcxproj", "{40063E95-D281-42F4-8C8D-539A98D48AE1}"
EndProject
Project("{8BC9CEB8-8B4A-11D0-8D11-00A0C91BC942}") = "Bai017", "Bai017\Bai017.vcxproj", "{688E64F6-E02C-4AC9-971A-96796DEBD88D}"
EndProject
Project("{8BC9CEB8-8B4A-11D0-8D11-00A0C91BC942}") = "Bai022", "Bai022\Bai022.vcxproj", "{B5ECDBF6-6F25-4629-A35D-BCE28AF2B931}"
EndProject
Project("{8BC9CEB8-8B4A-11D0-8D11-00A0C91BC942}") = "Bai005", "Bai005\Bai005.vcxproj", "{B139F332-FFA4-42DF-8EDD-72B0B35E90D3}"
EndProject
Project("{8BC9CEB8-8B4A-11D0-8D11-00A0C91BC942}") = "Bai010", "Bai010\Bai010.vcxproj", "{0A226494-1F13-4CA4-9C04-2979C93311AF}"
EndProject
Project("{8BC9CEB8-8B4A-11D0-8D11-00A0C91BC942}") = "Bai015", "Bai015\Bai015.vcxproj", "{BD8FD1D2-FE94-4396-92FA-459A3A3829E9}"
EndProject
Project("{8BC9CEB8-8B4A-11D0-8D11-00A0C91BC942}") = "Bai020", "Bai020\Bai020.vcxproj", "{F3ADB762-27BD-4F56-A6D9-7EDB2492D2A4}"
EndProject
Project("{8BC9CEB8-8B4A-11D0-8D11-00A0C91BC942}") = "Bai025", "Bai025\Bai025.vcxproj", "{A97FA9F5-C331-409B-89EE-AD9C0A8BF63C}"
EndProject
Project("{8BC9CEB8-8B4A-11D0-8D11-00A0C91BC942}") = "Bai030", "Bai030\Bai030.vcxproj", "{F9316352-AD51-4999-8B90-753D8BC81653}"
EndProject
Project("{8BC9CEB8-8B4A-11D0-8D11-00A0C91BC942}") = "Bai035", "Bai035\Bai035.vcxproj", "{DAFBFBBF-6AD2-4D4A-9CB7-652BF4F1EE96}"
EndProject
Project("{8BC9CEB8-8B4A-11D0-8D11-00A0C91BC942}") = "Bai040", "Bai040\Bai040.vcxproj", "{67821877-EC90-4DC4-847B-0E46ADE44BC4}"
EndProject
Project("{8BC9CEB8-8B4A-11D0-8D11-00A0C91BC942}") = "Bai045", "Bai045\Bai045.vcxproj", "{21FF2AE8-AC70-4907-ADF8-2A314BBC8988}"
EndProject
Project("{8BC9CEB8-8B4A-11D0-8D11-00A0C91BC942}") = "Bai050", "Bai050\Bai050.vcxproj", "{59184D29-D84F-41F8-9149-6641197C939D}"
EndProject
Project("{8BC9CEB8-8B4A-11D0-8D11-00A0C91BC942}") = "Bai055", "Bai055\Bai055.vcxproj", "{50E9564D-0802-4174-B745-6F7D84096B11}"
EndProject
Global
	GlobalSection(SolutionConfigurationPlatforms) = preSolution
		Debug|x64 = Debug|x64
		Debug|x86 = Debug|x86
		Release|x64 = Release|x64
		Release|x86 = Release|x86
	EndGlobalSection
	GlobalSection(ProjectConfigurationPlatforms) = postSolution
		{26983B60-AC17-4DEF-B2A5-097D75C6EC4F}.Debug|x64.ActiveCfg = Debug|x64
		{26983B60-AC17-4DEF-B2A5-097D75C6EC4F}.Debug|x64.Build.0 = Debug|x64
		{26983B60-AC17-4DEF-B2A5-097D75C6EC4F}.Debug|x86.ActiveCfg = Debug|Win32
		{26983B60-AC17-4DEF-B2A5-097D75C6EC4F}.Debug|x86.Build.0 = Debug|Win32
		{26983B60-AC17-4DEF-B2A5-097D75C6EC4F}.Release|x64.ActiveCfg = Release|x64
		{26983B60-AC17-4DEF-B2A5-097D75C6EC4F}.Release|x64.Build.0 = Release|x64
		{26983B60-AC17-4DEF-B2A5-097D75C6EC4F}.Release|x86.ActiveCfg = Release|Win32
		{26983B60-AC17-4DEF-B2A5-097D75C6EC4F}.Release|x86.Build.0 = Release|Win32
		{5B7FC859-FFC0-4407-8FE4-87A7C58E82D7}.Debug|x64.ActiveCfg = Debug|x64
		{5B7FC859-FFC0-4407-8FE4-87A7C58E82D7}.Debug|x64.Build.0 = Debug|x64
		{5B7FC859-FFC0-4407-8FE4-87A7C58E82D7}.Debug|x86.ActiveCfg = Debug|Win32
		{5B7FC859-FFC0-4407-8FE4-87A7C58E82D7}.Debug|x86.Build.0 = Debug|Win32
		{5B7FC859-FFC0-4407-8FE4-87A7C58E82D7}.Release|x64.ActiveCfg = Release|x64
		{5B7FC859-FFC0-4407-8FE4-87A7C58E82D7}.Release|x64.Build.0 = Release|x64
		{5B7FC859-FFC0-4407-8FE4-87A7C58E82D7}.Release|x86.ActiveCfg = Release|Win32
		{5B7FC859-FFC0-4407-8FE4-87A7C58E82D7}.Release|x86.Build.0 = Release|Win32
		{40063E95-D281-42F4-8C8D-539A98D48AE1}.Debug|x64.ActiveCfg = Debug|x64
		{40063E95-D281-42F4-8C8D-539A98D48AE1}.Debug|x64.Build.0 = Debug|x64
		{40063E95-D281-42F4-8C8D-539A98D48AE1}.Debug|x86.ActiveCfg = Debug|Win32
		{40063E95-D281-42F4-8C8D-539A98D48AE1}.Debug|x86.Build.0 = Debug|Win32
		{40063E95-D281-42F4-8C8D-539A98D48AE1}.Release|x64.ActiveCfg = Release|x64
		{40063E95-D281-42F4-8C8D-539A98D48AE1}.Release|x64.Build.0 = Release|x64
		{40063E95-D281-42F4-8C8D-539A98D48AE1}.Release|x86.ActiveCfg = Release|Win32
		{40063E95-D281-42F4-8C8D-539A98D48AE1}.Release|x86.Build.0 = Release|Win32
		{688E64F6-E02C-4AC9-971A-96796DEBD88D}.Debug|x64.ActiveCfg = Debug|x64
		{688E64F6-E02C-4AC9-971A-96796DEBD88D}.Debug|x64.Build.0 = Debug|x64
		{688E64F6-E02C-4AC9-971A-96796DEBD88D}.Debug|x86.ActiveCfg = Debug|Win32
		{688E64F6-E02C-4AC9-971A-96796DEBD88D}.Debug|x86.Build.0 = Debug|Win32
		{688E64F6-E02C-4AC9-971A-96796DEBD88D}.Release|x64.ActiveCfg = Release|x64
		{688E64F6-E02C-4AC9-971A-96796DEBD88D}.Release|x64.Build.0 = Release|x64
		{688E64F6-E02C-4AC9-971A-96796DEBD88D}.Release|x86.ActiveCfg = Release|Win32
		{688E64F6-E02C-4AC9-971A-96796DEBD88D}.Release|x86.Build.0 = Release|Win32
		{B5ECDBF6-6F25-4629-A35D-BCE28AF2B931}.Debug|x64.ActiveCfg = Debug|x64
		{B5ECDBF6-6F25-4629-A35D-BCE28AF2B931}.Debug|x64.Build.0 = Debug|x64
		{B5ECDBF6-6F25-4629-A35D-BCE28AF2B931}.Debug|x86.ActiveCfg = Debug|Win32
		{B5ECDBF6-6F25-4629-A35D-BCE28AF2B931}.Debug|x86.Build.0 = Debug|Win32
		{B5ECDBF6-6F25-4629-A35D-BCE28AF2B931}.Release|x64.ActiveCfg = Release|x64
		{B5ECDBF6-6F25-4629-A35D-BCE28AF2B931}.Release|x64.Build.0 = Release|x64
		{B5ECDBF6-6F25-4629-A35D-BCE28AF2B931}.Release|x86.ActiveCfg = Release|Win32
		{B5ECDBF6-6F25-4629-A35D-BCE28AF2B931}.Release|x86.Build.0 = Release|Win32
		{B139F332-FFA4-42DF-8EDD-72B0B35E90D3}.Debug|x64.ActiveCfg = Debug|x64
		{B139F332-FFA4-42DF-8EDD-72B0B35E90D3}.Debug|x64.Build.0 = Debug|x64
		{B139F332-FFA4-42DF-8EDD-72B0B35E90D3}.Debug|x86.ActiveCfg = Debug|Win32
		{B139F332-FFA4-42DF-8EDD-72B0B35E90D3}.Debug|x86.Build.0 = Debug|Win32
		{B139F332-FFA4-42DF-8EDD-72B0B35E90D3}.Release|x64.ActiveCfg = Release|x64
		{B139F332-FFA4-42DF-8EDD-72B0B35E90D3}.Release|x64.Build.0 = Release|x64
		{B139F332-FFA4-42DF-8EDD-72B0B35E90D3}.Release|x86.ActiveCfg = Release|Win32
		{B139F332-FFA4-42DF-8EDD-72B0B35E90D3}.Release|x86.Build.0 = Release|Win32
		{0A226494-1F13-4CA4-9C04-2979C93311AF}.Debug|x64.ActiveCfg = Debug|x64
		{0A226494-1F13-4CA4-9C04-2979C93311AF}.Debug|x64.Build.0 = Debug|x64
		{0A226494-1F13-4CA4-9C04-2979C93311AF}.Debug|x86.ActiveCfg = Debug|Win32
		{0A226494-1F13-4CA4-9C04-2979C93311AF}.Debug|x86.Build.0 = Debug|Win32
		{0A226494-1F13-4CA4-9C04-2979C93311AF}.Release|x64.ActiveCfg = Release|x64
		{0A226494-1F13-4CA4-9C04-2979C93311AF}.Release|x64.Build.0 = Release|x64
		{0A226494-1F13-4CA4-9C04-2979C93311AF}.Release|x86.ActiveCfg = Release|Win32
		{0A226494-1F13-4CA4-9C04-2979C93311AF}.Release|x86.Build.0 = Release|Win32
		{BD8FD1D2-FE94-4396-92FA-459A3A3829E9}.Debug|x64.ActiveCfg = Debug|x64
		{BD8FD1D2-FE94-4396-92FA-459A3A3829E9}.Debug|x64.Build.0 = Debug|x64
		{BD8FD1D2-FE94-4396-92FA-459A3A3829E9}.Debug|x86.ActiveCfg = Debug|Win32
		{BD8FD1D2-FE94-4396-92FA-459A3A3829E9}.Debug|x86.Build.0 = Debug|Win32
		{BD8FD1D2-FE94-4396-92FA-459A3A3829E9}.Release|x64.ActiveCfg = Release|x64
		{BD8FD1D2-FE94-4396-92FA-459A3A3829E9}.Release|x64.Build.0 = Release|x64
		{BD8FD1D2-FE94-4396-92FA-459A3A3829E9}.Release|x86.ActiveCfg = Release|Win32
		{BD8FD1D2-FE94-4396-92FA-459A3A3829E9}.Release|x86.Build.0 = Release|Win32
		{F3ADB762-27BD-4F56-A6D9-7EDB2492D2A4}.Debug|x64.ActiveCfg = Debug|x64
		{F3ADB762-27BD-4F56-A6D9-7EDB2492D2A4}.Debug|x64.Build.0 = Debug|x64
		{F3ADB762-27BD-4F56-A6D9-7EDB2492D2A4}.Debug|x86.ActiveCfg = Debug|Win32
		{F3ADB762-27BD-4F56-A6D9-7EDB2492D2A4}.Debug|x86.Build.0 = Debug|Win32
		{F3ADB762-27BD-4F56-A6D9-7EDB2492D2A4}.Release|x64.ActiveCfg = Release|x64
		{F3ADB762-27BD-4F56-A6D9-7EDB2492D2A4}.Release|x64.Build.0 = Release|x64
		{F3ADB762-27BD-4F56-A6D9-7EDB2492D2A4}.Release|x86.ActiveCfg = Release|Win32
		{F3ADB762-27BD-4F56-A6D9-7EDB2492D2A4}.Release|x86.Build.0 = Release|Win32
		{A97FA9F5-C331-409B-89EE-AD9C0A8BF63C}.Debug|x64.ActiveCfg = Debug|x64
		{A97FA9F5-C331-409B-89EE-AD9C0A8BF63C}.Debug|x64.Build.0 = Debug|x64
		{A97FA9F5-C331-409B-89EE-AD9C0A8BF63C}.Debug|x86.ActiveCfg = Debug|Win32
		{A97FA9F5-C331-409B-89EE-AD9C0A8BF63C}.Debug|x86.Build.0 = Debug|Win32
		{A97FA9F5-C331-409B-89EE-AD9C0A8BF63C}.Release|x64.ActiveCfg = Release|x64
		{A97FA9F5-C331-409B-89EE-AD9C0A8BF63C}.Release|x64.Build.0 = Release|x64
		{A97FA9F5-C331-409B-89EE-AD9C0A8BF63C}.Release|x86.ActiveCfg = Release|Win32
		{A97FA9F5-C331-409B-89EE-AD9C0A8BF63C}.Release|x86.Build.0 = Release|Win32
		{F9316352-AD51-4999-8B90-753D8BC81653}.Debug|x64.ActiveCfg = Debug|x64
		{F9316352-AD51-4999-8B90-753D8BC81653}.Debug|x64.Build.0 = Debug|x64
		{F9316352-AD51-4999-8B90-753D8BC81653}.Debug|x86.ActiveCfg = Debug|Win32
		{F9316352-AD51-4999-8B90-753D8BC81653}.Debug|x86.Build.0 = Debug|Win32
		{F9316352-AD51-4999-8B90-753D8BC81653}.Release|x64.ActiveCfg = Release|x64
		{F9316352-AD51-4999-8B90-753D8BC81653}.Release|x64.Build.0 = Release|x64
		{F9316352-AD51-4999-8B90-753D8BC81653}.Release|x86.ActiveCfg = Release|Win32
		{F9316352-AD51-4999-8B90-753D8BC81653}.Release|x86.Build.0 = Release|Win32
		{DAFBFBBF-6AD2-4D4A-9CB7-652BF4F1EE96}.Debug|x64.ActiveCfg = Debug|x64
		{DAFBFBBF-6AD2-4D4A-9CB7-652BF4F1EE96}.Debug|x64.Build.0 = Debug|x64
		{DAFBFBBF-6AD2-4D4A-9CB7-652BF4F1EE96}.Debug|x86.ActiveCfg = Debug|Win32
		{DAFBFBBF-6AD2-4D4A-9CB7-652BF4F1EE96}.Debug|x86.Build.0 = Debug|Win32
		{DAFBFBBF-6AD2-4D4A-9CB7-652BF4F1EE96}.Release|x64.ActiveCfg = Release|x64
		{DAFBFBBF-6AD2-4D4A-9CB7-652BF4F1EE96}.Release|x64.Build.0 = Release|x64
		{DAFBFBBF-6AD2-4D4A-9CB7-652BF4F1EE96}.Release|x86.ActiveCfg = Release|Win32
		{DAFBFBBF-6AD2-4D4A-9CB7-652BF4F1EE96}.Release|x86.Build.0 = Release|Win32
		{67821877-EC90-4DC4-847B-0E46ADE44BC4}.Debug|x64.ActiveCfg = Debug|x64
		{67821877-EC90-4DC4-847B-0E46ADE44BC4}.Debug|x64.Build.0 = Debug|x64
		{67821877-EC90-4DC4-847B-0E46ADE44BC4}.Debug|x86.ActiveCfg = Debug|Win32
		{67821877-EC90-4DC4-847B-0E46ADE44BC4}.Debug|x86.Build.0 = Debug|Win32
		{67821877-EC90-4DC4-847B-0E46ADE44BC4}.Release|x64.ActiveCfg = Release|x64
		{67821877-EC90-4DC4-847B-0E46ADE44BC4}.Release|x64.Build.0 = Release|x64
		{67821877-EC90-4DC4-847B-0E46ADE44BC4}.Release|x86.ActiveCfg = Release|Win32
		{67821877-EC90-4DC4-847B-0E46ADE44BC4}.Release|x86.Build.0 = Release|Win32
		{21FF2AE8-AC70-4907-ADF8-2A314BBC8988}.Debug|x64.ActiveCfg = Debug|x64
		{21FF2AE8-AC70-4907-ADF8-2A314BBC8988}.Debug|x64.Build.0 = Debug|x64
		{21FF2AE8-AC70-4907-ADF8-2A314BBC8988}.Debug|x86.ActiveCfg = Debug|Win32
		{21FF2AE8-AC70-4907-ADF8-2A314BBC8988}.Debug|x86.Build.0 = Debug|Win32
		{21FF2AE8-AC70-4907-ADF8-2A314BBC8988}.Release|x64.ActiveCfg = Release|x64
		{21FF2AE8-AC70-4907-ADF8-2A314BBC8988}.Release|x64.Build.0 = Release|x64
		{21FF2AE8-AC70-4907-ADF8-2A314BBC8988}.Release|x86.ActiveCfg = Release|Win32
		{21FF2AE8-AC70-4907-ADF8-2A314BBC8988}.Release|x86.Build.0 = Release|Win32
		{59184D29-D84F-41F8-9149-6641197C939D}.Debug|x64.ActiveCfg = Debug|x64
		{59184D29-D84F-41F8-9149-6641197C939D}.Debug|x64.Build.0 = Debug|x64
		{59184D29-D84F-41F8-9149-6641197C939D}.Debug|x86.ActiveCfg = Debug|Win32
		{59184D29-D84F-41F8-9149-6641197C939D}.Debug|x86.Build.0 = Debug|Win32
		{59184D29-D84F-41F8-9149-6641197C939D}.Release|x64.ActiveCfg = Release|x64
		{59184D29-D84F-41F8-9149-6641197C939D}.Release|x64.Build.0 = Release|x64
		{59184D29-D84F-41F8-9149-6641197C939D}.Release|x86.ActiveCfg = Release|Win32
		{59184D29-D84F-41F8-9149-6641197C939D}.Release|x86.Build.0 = Release|Win32
		{50E9564D-0802-4174-B745-6F7D84096B11}.Debug|x64.ActiveCfg = Debug|x64
		{50E9564D-0802-4174-B745-6F7D84096B11}.Debug|x64.Build.0 = Debug|x64
		{50E9564D-0802-4174-B745-6F7D84096B11}.Debug|x86.ActiveCfg = Debug|Win32
		{50E9564D-0802-4174-B745-6F7D84096B11}.Debug|x86.Build.0 = Debug|Win32
		{50E9564D-0802-4174-B745-6F7D84096B11}.Release|x64.ActiveCfg = Release|x64
		{50E9564D-0802-4174-B745-6F7D84096B11}.Release|x64.Build.0 = Release|x64
		{50E9564D-0802-4174-B745-6F7D84096B11}.Release|x86.ActiveCfg = Release|Win32
		{50E9564D-0802-4174-B745-6F7D84096B11}.Release|x86.Build.0 = Release|Win32
	EndGlobalSection
	GlobalSection(SolutionProperties) = preSolution
		HideSolutionNode = FALSE
	EndGlobalSection
	GlobalSection(ExtensibilityGlobals) = postSolution
		SolutionGuid = {E1F40DE8-BF55-4993-8CF0-832D7F888D52}
	EndGlobalSection
EndGlobal
