
Microsoft Visual Studio Solution File, Format Version 12.00
# Visual Studio Version 17
VisualStudioVersion = 17.7.34221.43
MinimumVisualStudioVersion = 10.0.40219.1
Project("{8BC9CEB8-8B4A-11D0-8D11-00A0C91BC942}") = "Bai002", "Bai002\Bai002.vcxproj", "{26983B60-AC17-4DEF-B2A5-097D75C6EC4F}"
EndProject
Project("{8BC9CEB8-8B4A-11D0-8D11-00A0C91BC942}") = "Bai007", "Bai007\Bai007.vcxproj", "{5B7FC859-FFC0-4407-8FE4-87A7C58E82D7}"
EndProject
Project("{8BC9CEB8-8B4A-11D0-8D11-00A0C91BC942}") = "Bai012", "Bai012\Bai012.vcxproj", "{40063E95-D281-42F4-8C8D-539A98D48AE1}"
EndProject
Project("{8BC9CEB8-8B4A-11D0-8D11-00A0C91BC942}") = "Bai017", "Bai017\Bai017.vcxproj", "{688E64F6-E02C-4AC9-971A-96796DEBD88D}"
EndProject
Project("{8BC9CEB8-8B4A-11D0-8D11-00A0C91BC942}") = "Bai022", "Bai022\Bai022.vcxproj", "{B5ECDBF6-6F25-4629-A35D-BCE28AF2B931}"
EndProject
Project("{8BC9CEB8-8B4A-11D0-8D11-00A0C91BC942}") = "Bai005", "Bai005\Bai005.vcxproj", "{B139F332-FFA4-42DF-8EDD-72B0B35E90D3}"
EndProject
Project("{8BC9CEB8-8B4A-11D0-8D11-00A0C91BC942}") = "Bai010", "Bai010\Bai010.vcxproj", "{0A226494-1F13-4CA4-9C04-2979C93311AF}"
EndProject
Project("{8BC9CEB8-8B4A-11D0-8D11-00A0C91BC942}") = "Bai015", "Bai015\Bai015.vcxproj", "{BD8FD1D2-FE94-4396-92FA-459A3A3829E9}"
EndProject
Project("{8BC9CEB8-8B4A-11D0-8D11-00A0C91BC942}") = "Bai020", "Bai020\Bai020.vcxproj", "{F3ADB762-27BD-4F56-A6D9-7EDB2492D2A4}"
EndProject
Project("{8BC9CEB8-8B4A-11D0-8D11-00A0C91BC942}") = "Bai025", "Bai025\Bai025.vcxproj", "{A97FA9F5-C331-409B-89EE-AD9C0A8BF63C}"
EndProject
Project("{8BC9CEB8-8B4A-11D0-8D11-00A0C91BC942}") = "Bai030", "Bai030\Bai030.vcxproj", "{F9316352-AD51-4999-8B90-753D8BC81653}"
EndProject
Project("{8BC9CEB8-8B4A-11D0-8D11-00A0C91BC942}") = "Bai035", "Bai035\Bai035.vcxproj", "{DAFBFBBF-6AD2-4D4A-9CB7-652BF4F1EE96}"
EndProject
Project("{8BC9CEB8-8B4A-11D0-8D11-00A0C91BC942}") = "Bai040", "Bai040\Bai040.vcxproj", "{67821877-EC90-4DC4-847B-0E46ADE44BC4}"
EndProject
Project("{8BC9CEB8-8B4A-11D0-8D11-00A0C91BC942}") = "Bai045", "Bai045\Bai045.vcxproj", "{21FF2AE8-AC70-4907-ADF8-2A314BBC8988}"
EndProject
Project("{8BC9CEB8-8B4A-11D0-8D11-00A0C91BC942}") = "Bai050", "Bai050\Bai050.vcxproj", "{59184D29-D84F-41F8-9149-6641197C939D}"
EndProject
Project("{8BC9CEB8-8B4A-11D0-8D11-00A0C91BC942}") = "Bai055", "Bai055\Bai055.vcxproj", "{50E9564D-0802-4174-B745-6F7D84096B11}"
EndProject
Project("{8BC9CEB8-8B4A-11D0-8D11-00A0C91BC942}") = "Bai060", "Bai060\Bai060.vcxproj", "{40D861DF-B7CF-4057-AE16-3518D032F4FF}"
EndProject
Project("{8BC9CEB8-8B4A-11D0-8D11-00A0C91BC942}") = "Bai065", "Bai065\Bai065.vcxproj", "{F3EDE276-1A30-45EF-9036-DE4FF57751EB}"
EndProject
Project("{8BC9CEB8-8B4A-11D0-8D11-00A0C91BC942}") = "Bai070", "Bai070\Bai070.vcxproj", "{F7B980EE-CA9F-4765-99B6-D8C70B89B340}"
EndProject
Project("{8BC9CEB8-8B4A-11D0-8D11-00A0C91BC942}") = "Bai075", "Bai075\Bai075.vcxproj", "{D8ADDFE1-18AB-4E10-B897-4239BE51E757}"
EndProject
Project("{8BC9CEB8-8B4A-11D0-8D11-00A0C91BC942}") = "Bai080", "Bai080\Bai080.vcxproj", "{41CAB517-35B3-45C2-B076-5954C8D59DBC}"
EndProject
Project("{8BC9CEB8-8B4A-11D0-8D11-00A0C91BC942}") = "Bai085", "Bai085\Bai085.vcxproj", "{18350C34-A61A-4A35-ACA5-267582BBC105}"
EndProject
Project("{8BC9CEB8-8B4A-11D0-8D11-00A0C91BC942}") = "Bai090", "Bai090\Bai090.vcxproj", "{A87DBFDA-949C-48C3-AABE-DED9095850A8}"
EndProject
Project("{8BC9CEB8-8B4A-11D0-8D11-00A0C91BC942}") = "Bai095", "Bai095\Bai095.vcxproj", "{4F3823D4-ED38-4146-93BD-80E09DDE8F7B}"
EndProject
Project("{8BC9CEB8-8B4A-11D0-8D11-00A0C91BC942}") = "Bai100", "Bai100\Bai100.vcxproj", "{65433DBF-A77C-402F-9C00-C30945D78D70}"
EndProject
Project("{8BC9CEB8-8B4A-11D0-8D11-00A0C91BC942}") = "Bai105", "Bai105\Bai105.vcxproj", "{B31F71EE-9648-4E60-9162-8F27C9A96C1B}"
EndProject
Project("{8BC9CEB8-8B4A-11D0-8D11-00A0C91BC942}") = "Bai110", "Bai110\Bai110.vcxproj", "{41DCDCDF-E5C4-4BDF-AE38-F0B82833B487}"
EndProject
Project("{8BC9CEB8-8B4A-11D0-8D11-00A0C91BC942}") = "Bai115", "Bai115\Bai115.vcxproj", "{947BB9EC-FB94-4129-9CA4-470F498B78E5}"
EndProject
Project("{8BC9CEB8-8B4A-11D0-8D11-00A0C91BC942}") = "Bai120", "Bai120\Bai120.vcxproj", "{8C90C2E1-5649-43CA-B99B-F94B5C98A8AB}"
EndProject
Project("{8BC9CEB8-8B4A-11D0-8D11-00A0C91BC942}") = "Bai125", "Bai125\Bai125.vcxproj", "{4F22E24D-C0C4-456D-8348-FADD0723B91F}"
EndProject
Project("{8BC9CEB8-8B4A-11D0-8D11-00A0C91BC942}") = "Bai130", "Bai130\Bai130.vcxproj", "{8CDB33EC-D8E3-46BB-88A0-316641ECF5FA}"
EndProject
Project("{8BC9CEB8-8B4A-11D0-8D11-00A0C91BC942}") = "Bai135", "Bai135\Bai135.vcxproj", "{6DEE1EF1-81D0-43A2-9941-2D4BBE671D7B}"
EndProject
Project("{8BC9CEB8-8B4A-11D0-8D11-00A0C91BC942}") = "Bai140", "Bai140\Bai140.vcxproj", "{39E0987A-6287-4DAD-8E4C-99DF53D0393D}"
EndProject
Project("{8BC9CEB8-8B4A-11D0-8D11-00A0C91BC942}") = "Bai145", "Bai145\Bai145.vcxproj", "{AADA9B14-C6A4-4F00-B606-62D249CFADB1}"
EndProject
Project("{8BC9CEB8-8B4A-11D0-8D11-00A0C91BC942}") = "Bai150", "Bai150\Bai150.vcxproj", "{81C66F62-32C1-4EBF-B54A-858F4B393A12}"
EndProject
Project("{8BC9CEB8-8B4A-11D0-8D11-00A0C91BC942}") = "Bai155", "Bai155\Bai155.vcxproj", "{269808B3-7E89-4927-AF56-1FBB53D3CA26}"
EndProject
Project("{8BC9CEB8-8B4A-11D0-8D11-00A0C91BC942}") = "Bai160", "Bai160\Bai160.vcxproj", "{CC2165A1-8DDA-4319-AAA8-4CD7CA346051}"
EndProject
Project("{8BC9CEB8-8B4A-11D0-8D11-00A0C91BC942}") = "Bai165", "Bai165\Bai165.vcxproj", "{D9BC6969-F4CC-44E3-A61A-4CF5AF5626C6}"
EndProject
Project("{8BC9CEB8-8B4A-11D0-8D11-00A0C91BC942}") = "Bai170", "Bai170\Bai170.vcxproj", "{EFC4B16E-EC6D-49D7-AF61-86BDF6A0A080}"
EndProject
Project("{8BC9CEB8-8B4A-11D0-8D11-00A0C91BC942}") = "Bai175", "Bai175\Bai175.vcxproj", "{37923F84-8941-4DE1-9B24-2879891D7382}"
EndProject
Project("{8BC9CEB8-8B4A-11D0-8D11-00A0C91BC942}") = "Bai180", "Bai180\Bai180.vcxproj", "{90404816-C22A-4BA0-949C-4E344C28412F}"
EndProject
Project("{8BC9CEB8-8B4A-11D0-8D11-00A0C91BC942}") = "Bai185", "Bai185\Bai185.vcxproj", "{792CF5FD-3B82-4804-96CD-3128F7637468}"
EndProject
Project("{8BC9CEB8-8B4A-11D0-8D11-00A0C91BC942}") = "Bai190", "Bai190\Bai190.vcxproj", "{D43DE93C-A25C-457A-8537-A0754BCD8B3A}"
EndProject
Project("{8BC9CEB8-8B4A-11D0-8D11-00A0C91BC942}") = "Bai195", "Bai195\Bai195.vcxproj", "{F119B951-CAE6-4E0E-9310-5456864EC35F}"
EndProject
Project("{8BC9CEB8-8B4A-11D0-8D11-00A0C91BC942}") = "Bai200", "Bai200\Bai200.vcxproj", "{92EB3AEB-3DC9-4D37-8B97-2717AB8986AB}"
EndProject
Project("{8BC9CEB8-8B4A-11D0-8D11-00A0C91BC942}") = "Bai205", "Bai205\Bai205.vcxproj", "{A6B82043-37D2-49FD-9FE3-B810DC2A7156}"
EndProject
Project("{8BC9CEB8-8B4A-11D0-8D11-00A0C91BC942}") = "Bai210", "Bai210\Bai210.vcxproj", "{6FF8966A-9CA9-4F10-94A8-F8D65A18F875}"
EndProject
Project("{8BC9CEB8-8B4A-11D0-8D11-00A0C91BC942}") = "Bai215", "Bai215\Bai215.vcxproj", "{E5EC4BE5-1806-4B7A-A1AB-01B892DD1643}"
EndProject
Project("{8BC9CEB8-8B4A-11D0-8D11-00A0C91BC942}") = "Bai220", "Bai220\Bai220.vcxproj", "{CCE97B8A-9E67-4937-8FE9-3E256D4B96E2}"
EndProject
Project("{8BC9CEB8-8B4A-11D0-8D11-00A0C91BC942}") = "Bai225", "Bai225\Bai225.vcxproj", "{D3969766-32D8-40BA-9F60-83FC01D7F67D}"
EndProject
Project("{8BC9CEB8-8B4A-11D0-8D11-00A0C91BC942}") = "Bai230", "Bai230\Bai230.vcxproj", "{410C6DB9-B924-4441-806C-63D2E334EBF2}"
EndProject
Project("{8BC9CEB8-8B4A-11D0-8D11-00A0C91BC942}") = "Bai235", "Bai235\Bai235.vcxproj", "{0DCB0CFB-45AC-40FF-BA88-4ABD23BCB280}"
EndProject
Project("{8BC9CEB8-8B4A-11D0-8D11-00A0C91BC942}") = "Bai240", "Bai240\Bai240.vcxproj", "{4FEAC2D8-B39D-4AF8-9515-D9CADD6862B7}"
EndProject
Project("{8BC9CEB8-8B4A-11D0-8D11-00A0C91BC942}") = "Bai245", "Bai245\Bai245.vcxproj", "{0E6E75AB-7998-40D2-ADC9-95754864D271}"
EndProject
Project("{8BC9CEB8-8B4A-11D0-8D11-00A0C91BC942}") = "Bai250", "Bai250\Bai250.vcxproj", "{F772BE00-15FD-410E-BDFA-FDF1237D15C7}"
EndProject
Project("{8BC9CEB8-8B4A-11D0-8D11-00A0C91BC942}") = "Bai255", "Bai255\Bai255.vcxproj", "{BFAD982E-1BFC-4F37-8D05-264287A58B9F}"
EndProject
Project("{8BC9CEB8-8B4A-11D0-8D11-00A0C91BC942}") = "Bai260", "Bai260\Bai260.vcxproj", "{3B304DA5-4C01-498E-80D2-56C749C74EDF}"
EndProject
Project("{8BC9CEB8-8B4A-11D0-8D11-00A0C91BC942}") = "Bai265", "Bai265\Bai265.vcxproj", "{A554D9DC-C36B-48A7-A50E-C2B6C1B18D51}"
EndProject
Project("{8BC9CEB8-8B4A-11D0-8D11-00A0C91BC942}") = "Bai270", "Bai270\Bai270.vcxproj", "{A278599A-C2E0-4899-8A22-CAAA48074FFB}"
EndProject
Project("{8BC9CEB8-8B4A-11D0-8D11-00A0C91BC942}") = "Bai275", "Bai275\Bai275.vcxproj", "{A9BAA254-3EBB-4A89-A34D-D5764B2ADF91}"
EndProject
Project("{8BC9CEB8-8B4A-11D0-8D11-00A0C91BC942}") = "Bai280", "Bai280\Bai280.vcxproj", "{8FEE3DDD-11FE-4216-9078-B7B4019323E2}"
EndProject
Project("{8BC9CEB8-8B4A-11D0-8D11-00A0C91BC942}") = "Bai285", "Bai285\Bai285.vcxproj", "{286A6E74-4754-43BE-92EC-0ACC8BC01FDD}"
EndProject
Project("{8BC9CEB8-8B4A-11D0-8D11-00A0C91BC942}") = "Bai290", "Bai290\Bai290.vcxproj", "{A52808DF-D680-44D6-8F7F-F94C97F7E598}"
EndProject
Global
	GlobalSection(SolutionConfigurationPlatforms) = preSolution
		Debug|x64 = Debug|x64
		Debug|x86 = Debug|x86
		Release|x64 = Release|x64
		Release|x86 = Release|x86
	EndGlobalSection
	GlobalSection(ProjectConfigurationPlatforms) = postSolution
		{26983B60-AC17-4DEF-B2A5-097D75C6EC4F}.Debug|x64.ActiveCfg = Debug|x64
		{26983B60-AC17-4DEF-B2A5-097D75C6EC4F}.Debug|x64.Build.0 = Debug|x64
		{26983B60-AC17-4DEF-B2A5-097D75C6EC4F}.Debug|x86.ActiveCfg = Debug|Win32
		{26983B60-AC17-4DEF-B2A5-097D75C6EC4F}.Debug|x86.Build.0 = Debug|Win32
		{26983B60-AC17-4DEF-B2A5-097D75C6EC4F}.Release|x64.ActiveCfg = Release|x64
		{26983B60-AC17-4DEF-B2A5-097D75C6EC4F}.Release|x64.Build.0 = Release|x64
		{26983B60-AC17-4DEF-B2A5-097D75C6EC4F}.Release|x86.ActiveCfg = Release|Win32
		{26983B60-AC17-4DEF-B2A5-097D75C6EC4F}.Release|x86.Build.0 = Release|Win32
		{5B7FC859-FFC0-4407-8FE4-87A7C58E82D7}.Debug|x64.ActiveCfg = Debug|x64
		{5B7FC859-FFC0-4407-8FE4-87A7C58E82D7}.Debug|x64.Build.0 = Debug|x64
		{5B7FC859-FFC0-4407-8FE4-87A7C58E82D7}.Debug|x86.ActiveCfg = Debug|Win32
		{5B7FC859-FFC0-4407-8FE4-87A7C58E82D7}.Debug|x86.Build.0 = Debug|Win32
		{5B7FC859-FFC0-4407-8FE4-87A7C58E82D7}.Release|x64.ActiveCfg = Release|x64
		{5B7FC859-FFC0-4407-8FE4-87A7C58E82D7}.Release|x64.Build.0 = Release|x64
		{5B7FC859-FFC0-4407-8FE4-87A7C58E82D7}.Release|x86.ActiveCfg = Release|Win32
		{5B7FC859-FFC0-4407-8FE4-87A7C58E82D7}.Release|x86.Build.0 = Release|Win32
		{40063E95-D281-42F4-8C8D-539A98D48AE1}.Debug|x64.ActiveCfg = Debug|x64
		{40063E95-D281-42F4-8C8D-539A98D48AE1}.Debug|x64.Build.0 = Debug|x64
		{40063E95-D281-42F4-8C8D-539A98D48AE1}.Debug|x86.ActiveCfg = Debug|Win32
		{40063E95-D281-42F4-8C8D-539A98D48AE1}.Debug|x86.Build.0 = Debug|Win32
		{40063E95-D281-42F4-8C8D-539A98D48AE1}.Release|x64.ActiveCfg = Release|x64
		{40063E95-D281-42F4-8C8D-539A98D48AE1}.Release|x64.Build.0 = Release|x64
		{40063E95-D281-42F4-8C8D-539A98D48AE1}.Release|x86.ActiveCfg = Release|Win32
		{40063E95-D281-42F4-8C8D-539A98D48AE1}.Release|x86.Build.0 = Release|Win32
		{688E64F6-E02C-4AC9-971A-96796DEBD88D}.Debug|x64.ActiveCfg = Debug|x64
		{688E64F6-E02C-4AC9-971A-96796DEBD88D}.Debug|x64.Build.0 = Debug|x64
		{688E64F6-E02C-4AC9-971A-96796DEBD88D}.Debug|x86.ActiveCfg = Debug|Win32
		{688E64F6-E02C-4AC9-971A-96796DEBD88D}.Debug|x86.Build.0 = Debug|Win32
		{688E64F6-E02C-4AC9-971A-96796DEBD88D}.Release|x64.ActiveCfg = Release|x64
		{688E64F6-E02C-4AC9-971A-96796DEBD88D}.Release|x64.Build.0 = Release|x64
		{688E64F6-E02C-4AC9-971A-96796DEBD88D}.Release|x86.ActiveCfg = Release|Win32
		{688E64F6-E02C-4AC9-971A-96796DEBD88D}.Release|x86.Build.0 = Release|Win32
		{B5ECDBF6-6F25-4629-A35D-BCE28AF2B931}.Debug|x64.ActiveCfg = Debug|x64
		{B5ECDBF6-6F25-4629-A35D-BCE28AF2B931}.Debug|x64.Build.0 = Debug|x64
		{B5ECDBF6-6F25-4629-A35D-BCE28AF2B931}.Debug|x86.ActiveCfg = Debug|Win32
		{B5ECDBF6-6F25-4629-A35D-BCE28AF2B931}.Debug|x86.Build.0 = Debug|Win32
		{B5ECDBF6-6F25-4629-A35D-BCE28AF2B931}.Release|x64.ActiveCfg = Release|x64
		{B5ECDBF6-6F25-4629-A35D-BCE28AF2B931}.Release|x64.Build.0 = Release|x64
		{B5ECDBF6-6F25-4629-A35D-BCE28AF2B931}.Release|x86.ActiveCfg = Release|Win32
		{B5ECDBF6-6F25-4629-A35D-BCE28AF2B931}.Release|x86.Build.0 = Release|Win32
		{B139F332-FFA4-42DF-8EDD-72B0B35E90D3}.Debug|x64.ActiveCfg = Debug|x64
		{B139F332-FFA4-42DF-8EDD-72B0B35E90D3}.Debug|x64.Build.0 = Debug|x64
		{B139F332-FFA4-42DF-8EDD-72B0B35E90D3}.Debug|x86.ActiveCfg = Debug|Win32
		{B139F332-FFA4-42DF-8EDD-72B0B35E90D3}.Debug|x86.Build.0 = Debug|Win32
		{B139F332-FFA4-42DF-8EDD-72B0B35E90D3}.Release|x64.ActiveCfg = Release|x64
		{B139F332-FFA4-42DF-8EDD-72B0B35E90D3}.Release|x64.Build.0 = Release|x64
		{B139F332-FFA4-42DF-8EDD-72B0B35E90D3}.Release|x86.ActiveCfg = Release|Win32
		{B139F332-FFA4-42DF-8EDD-72B0B35E90D3}.Release|x86.Build.0 = Release|Win32
		{0A226494-1F13-4CA4-9C04-2979C93311AF}.Debug|x64.ActiveCfg = Debug|x64
		{0A226494-1F13-4CA4-9C04-2979C93311AF}.Debug|x64.Build.0 = Debug|x64
		{0A226494-1F13-4CA4-9C04-2979C93311AF}.Debug|x86.ActiveCfg = Debug|Win32
		{0A226494-1F13-4CA4-9C04-2979C93311AF}.Debug|x86.Build.0 = Debug|Win32
		{0A226494-1F13-4CA4-9C04-2979C93311AF}.Release|x64.ActiveCfg = Release|x64
		{0A226494-1F13-4CA4-9C04-2979C93311AF}.Release|x64.Build.0 = Release|x64
		{0A226494-1F13-4CA4-9C04-2979C93311AF}.Release|x86.ActiveCfg = Release|Win32
		{0A226494-1F13-4CA4-9C04-2979C93311AF}.Release|x86.Build.0 = Release|Win32
		{BD8FD1D2-FE94-4396-92FA-459A3A3829E9}.Debug|x64.ActiveCfg = Debug|x64
		{BD8FD1D2-FE94-4396-92FA-459A3A3829E9}.Debug|x64.Build.0 = Debug|x64
		{BD8FD1D2-FE94-4396-92FA-459A3A3829E9}.Debug|x86.ActiveCfg = Debug|Win32
		{BD8FD1D2-FE94-4396-92FA-459A3A3829E9}.Debug|x86.Build.0 = Debug|Win32
		{BD8FD1D2-FE94-4396-92FA-459A3A3829E9}.Release|x64.ActiveCfg = Release|x64
		{BD8FD1D2-FE94-4396-92FA-459A3A3829E9}.Release|x64.Build.0 = Release|x64
		{BD8FD1D2-FE94-4396-92FA-459A3A3829E9}.Release|x86.ActiveCfg = Release|Win32
		{BD8FD1D2-FE94-4396-92FA-459A3A3829E9}.Release|x86.Build.0 = Release|Win32
		{F3ADB762-27BD-4F56-A6D9-7EDB2492D2A4}.Debug|x64.ActiveCfg = Debug|x64
		{F3ADB762-27BD-4F56-A6D9-7EDB2492D2A4}.Debug|x64.Build.0 = Debug|x64
		{F3ADB762-27BD-4F56-A6D9-7EDB2492D2A4}.Debug|x86.ActiveCfg = Debug|Win32
		{F3ADB762-27BD-4F56-A6D9-7EDB2492D2A4}.Debug|x86.Build.0 = Debug|Win32
		{F3ADB762-27BD-4F56-A6D9-7EDB2492D2A4}.Release|x64.ActiveCfg = Release|x64
		{F3ADB762-27BD-4F56-A6D9-7EDB2492D2A4}.Release|x64.Build.0 = Release|x64
		{F3ADB762-27BD-4F56-A6D9-7EDB2492D2A4}.Release|x86.ActiveCfg = Release|Win32
		{F3ADB762-27BD-4F56-A6D9-7EDB2492D2A4}.Release|x86.Build.0 = Release|Win32
		{A97FA9F5-C331-409B-89EE-AD9C0A8BF63C}.Debug|x64.ActiveCfg = Debug|x64
		{A97FA9F5-C331-409B-89EE-AD9C0A8BF63C}.Debug|x64.Build.0 = Debug|x64
		{A97FA9F5-C331-409B-89EE-AD9C0A8BF63C}.Debug|x86.ActiveCfg = Debug|Win32
		{A97FA9F5-C331-409B-89EE-AD9C0A8BF63C}.Debug|x86.Build.0 = Debug|Win32
		{A97FA9F5-C331-409B-89EE-AD9C0A8BF63C}.Release|x64.ActiveCfg = Release|x64
		{A97FA9F5-C331-409B-89EE-AD9C0A8BF63C}.Release|x64.Build.0 = Release|x64
		{A97FA9F5-C331-409B-89EE-AD9C0A8BF63C}.Release|x86.ActiveCfg = Release|Win32
		{A97FA9F5-C331-409B-89EE-AD9C0A8BF63C}.Release|x86.Build.0 = Release|Win32
		{F9316352-AD51-4999-8B90-753D8BC81653}.Debug|x64.ActiveCfg = Debug|x64
		{F9316352-AD51-4999-8B90-753D8BC81653}.Debug|x64.Build.0 = Debug|x64
		{F9316352-AD51-4999-8B90-753D8BC81653}.Debug|x86.ActiveCfg = Debug|Win32
		{F9316352-AD51-4999-8B90-753D8BC81653}.Debug|x86.Build.0 = Debug|Win32
		{F9316352-AD51-4999-8B90-753D8BC81653}.Release|x64.ActiveCfg = Release|x64
		{F9316352-AD51-4999-8B90-753D8BC81653}.Release|x64.Build.0 = Release|x64
		{F9316352-AD51-4999-8B90-753D8BC81653}.Release|x86.ActiveCfg = Release|Win32
		{F9316352-AD51-4999-8B90-753D8BC81653}.Release|x86.Build.0 = Release|Win32
		{DAFBFBBF-6AD2-4D4A-9CB7-652BF4F1EE96}.Debug|x64.ActiveCfg = Debug|x64
		{DAFBFBBF-6AD2-4D4A-9CB7-652BF4F1EE96}.Debug|x64.Build.0 = Debug|x64
		{DAFBFBBF-6AD2-4D4A-9CB7-652BF4F1EE96}.Debug|x86.ActiveCfg = Debug|Win32
		{DAFBFBBF-6AD2-4D4A-9CB7-652BF4F1EE96}.Debug|x86.Build.0 = Debug|Win32
		{DAFBFBBF-6AD2-4D4A-9CB7-652BF4F1EE96}.Release|x64.ActiveCfg = Release|x64
		{DAFBFBBF-6AD2-4D4A-9CB7-652BF4F1EE96}.Release|x64.Build.0 = Release|x64
		{DAFBFBBF-6AD2-4D4A-9CB7-652BF4F1EE96}.Release|x86.ActiveCfg = Release|Win32
		{DAFBFBBF-6AD2-4D4A-9CB7-652BF4F1EE96}.Release|x86.Build.0 = Release|Win32
		{67821877-EC90-4DC4-847B-0E46ADE44BC4}.Debug|x64.ActiveCfg = Debug|x64
		{67821877-EC90-4DC4-847B-0E46ADE44BC4}.Debug|x64.Build.0 = Debug|x64
		{67821877-EC90-4DC4-847B-0E46ADE44BC4}.Debug|x86.ActiveCfg = Debug|Win32
		{67821877-EC90-4DC4-847B-0E46ADE44BC4}.Debug|x86.Build.0 = Debug|Win32
		{67821877-EC90-4DC4-847B-0E46ADE44BC4}.Release|x64.ActiveCfg = Release|x64
		{67821877-EC90-4DC4-847B-0E46ADE44BC4}.Release|x64.Build.0 = Release|x64
		{67821877-EC90-4DC4-847B-0E46ADE44BC4}.Release|x86.ActiveCfg = Release|Win32
		{67821877-EC90-4DC4-847B-0E46ADE44BC4}.Release|x86.Build.0 = Release|Win32
		{21FF2AE8-AC70-4907-ADF8-2A314BBC8988}.Debug|x64.ActiveCfg = Debug|x64
		{21FF2AE8-AC70-4907-ADF8-2A314BBC8988}.Debug|x64.Build.0 = Debug|x64
		{21FF2AE8-AC70-4907-ADF8-2A314BBC8988}.Debug|x86.ActiveCfg = Debug|Win32
		{21FF2AE8-AC70-4907-ADF8-2A314BBC8988}.Debug|x86.Build.0 = Debug|Win32
		{21FF2AE8-AC70-4907-ADF8-2A314BBC8988}.Release|x64.ActiveCfg = Release|x64
		{21FF2AE8-AC70-4907-ADF8-2A314BBC8988}.Release|x64.Build.0 = Release|x64
		{21FF2AE8-AC70-4907-ADF8-2A314BBC8988}.Release|x86.ActiveCfg = Release|Win32
		{21FF2AE8-AC70-4907-ADF8-2A314BBC8988}.Release|x86.Build.0 = Release|Win32
		{59184D29-D84F-41F8-9149-6641197C939D}.Debug|x64.ActiveCfg = Debug|x64
		{59184D29-D84F-41F8-9149-6641197C939D}.Debug|x64.Build.0 = Debug|x64
		{59184D29-D84F-41F8-9149-6641197C939D}.Debug|x86.ActiveCfg = Debug|Win32
		{59184D29-D84F-41F8-9149-6641197C939D}.Debug|x86.Build.0 = Debug|Win32
		{59184D29-D84F-41F8-9149-6641197C939D}.Release|x64.ActiveCfg = Release|x64
		{59184D29-D84F-41F8-9149-6641197C939D}.Release|x64.Build.0 = Release|x64
		{59184D29-D84F-41F8-9149-6641197C939D}.Release|x86.ActiveCfg = Release|Win32
		{59184D29-D84F-41F8-9149-6641197C939D}.Release|x86.Build.0 = Release|Win32
		{50E9564D-0802-4174-B745-6F7D84096B11}.Debug|x64.ActiveCfg = Debug|x64
		{50E9564D-0802-4174-B745-6F7D84096B11}.Debug|x64.Build.0 = Debug|x64
		{50E9564D-0802-4174-B745-6F7D84096B11}.Debug|x86.ActiveCfg = Debug|Win32
		{50E9564D-0802-4174-B745-6F7D84096B11}.Debug|x86.Build.0 = Debug|Win32
		{50E9564D-0802-4174-B745-6F7D84096B11}.Release|x64.ActiveCfg = Release|x64
		{50E9564D-0802-4174-B745-6F7D84096B11}.Release|x64.Build.0 = Release|x64
		{50E9564D-0802-4174-B745-6F7D84096B11}.Release|x86.ActiveCfg = Release|Win32
		{50E9564D-0802-4174-B745-6F7D84096B11}.Release|x86.Build.0 = Release|Win32
		{40D861DF-B7CF-4057-AE16-3518D032F4FF}.Debug|x64.ActiveCfg = Debug|x64
		{40D861DF-B7CF-4057-AE16-3518D032F4FF}.Debug|x64.Build.0 = Debug|x64
		{40D861DF-B7CF-4057-AE16-3518D032F4FF}.Debug|x86.ActiveCfg = Debug|Win32
		{40D861DF-B7CF-4057-AE16-3518D032F4FF}.Debug|x86.Build.0 = Debug|Win32
		{40D861DF-B7CF-4057-AE16-3518D032F4FF}.Release|x64.ActiveCfg = Release|x64
		{40D861DF-B7CF-4057-AE16-3518D032F4FF}.Release|x64.Build.0 = Release|x64
		{40D861DF-B7CF-4057-AE16-3518D032F4FF}.Release|x86.ActiveCfg = Release|Win32
		{40D861DF-B7CF-4057-AE16-3518D032F4FF}.Release|x86.Build.0 = Release|Win32
		{F3EDE276-1A30-45EF-9036-DE4FF57751EB}.Debug|x64.ActiveCfg = Debug|x64
		{F3EDE276-1A30-45EF-9036-DE4FF57751EB}.Debug|x64.Build.0 = Debug|x64
		{F3EDE276-1A30-45EF-9036-DE4FF57751EB}.Debug|x86.ActiveCfg = Debug|Win32
		{F3EDE276-1A30-45EF-9036-DE4FF57751EB}.Debug|x86.Build.0 = Debug|Win32
		{F3EDE276-1A30-45EF-9036-DE4FF57751EB}.Release|x64.ActiveCfg = Release|x64
		{F3EDE276-1A30-45EF-9036-DE4FF57751EB}.Release|x64.Build.0 = Release|x64
		{F3EDE276-1A30-45EF-9036-DE4FF57751EB}.Release|x86.ActiveCfg = Release|Win32
		{F3EDE276-1A30-45EF-9036-DE4FF57751EB}.Release|x86.Build.0 = Release|Win32
		{F7B980EE-CA9F-4765-99B6-D8C70B89B340}.Debug|x64.ActiveCfg = Debug|x64
		{F7B980EE-CA9F-4765-99B6-D8C70B89B340}.Debug|x64.Build.0 = Debug|x64
		{F7B980EE-CA9F-4765-99B6-D8C70B89B340}.Debug|x86.ActiveCfg = Debug|Win32
		{F7B980EE-CA9F-4765-99B6-D8C70B89B340}.Debug|x86.Build.0 = Debug|Win32
		{F7B980EE-CA9F-4765-99B6-D8C70B89B340}.Release|x64.ActiveCfg = Release|x64
		{F7B980EE-CA9F-4765-99B6-D8C70B89B340}.Release|x64.Build.0 = Release|x64
		{F7B980EE-CA9F-4765-99B6-D8C70B89B340}.Release|x86.ActiveCfg = Release|Win32
		{F7B980EE-CA9F-4765-99B6-D8C70B89B340}.Release|x86.Build.0 = Release|Win32
		{D8ADDFE1-18AB-4E10-B897-4239BE51E757}.Debug|x64.ActiveCfg = Debug|x64
		{D8ADDFE1-18AB-4E10-B897-4239BE51E757}.Debug|x64.Build.0 = Debug|x64
		{D8ADDFE1-18AB-4E10-B897-4239BE51E757}.Debug|x86.ActiveCfg = Debug|Win32
		{D8ADDFE1-18AB-4E10-B897-4239BE51E757}.Debug|x86.Build.0 = Debug|Win32
		{D8ADDFE1-18AB-4E10-B897-4239BE51E757}.Release|x64.ActiveCfg = Release|x64
		{D8ADDFE1-18AB-4E10-B897-4239BE51E757}.Release|x64.Build.0 = Release|x64
		{D8ADDFE1-18AB-4E10-B897-4239BE51E757}.Release|x86.ActiveCfg = Release|Win32
		{D8ADDFE1-18AB-4E10-B897-4239BE51E757}.Release|x86.Build.0 = Release|Win32
		{41CAB517-35B3-45C2-B076-5954C8D59DBC}.Debug|x64.ActiveCfg = Debug|x64
		{41CAB517-35B3-45C2-B076-5954C8D59DBC}.Debug|x64.Build.0 = Debug|x64
		{41CAB517-35B3-45C2-B076-5954C8D59DBC}.Debug|x86.ActiveCfg = Debug|Win32
		{41CAB517-35B3-45C2-B076-5954C8D59DBC}.Debug|x86.Build.0 = Debug|Win32
		{41CAB517-35B3-45C2-B076-5954C8D59DBC}.Release|x64.ActiveCfg = Release|x64
		{41CAB517-35B3-45C2-B076-5954C8D59DBC}.Release|x64.Build.0 = Release|x64
		{41CAB517-35B3-45C2-B076-5954C8D59DBC}.Release|x86.ActiveCfg = Release|Win32
		{41CAB517-35B3-45C2-B076-5954C8D59DBC}.Release|x86.Build.0 = Release|Win32
		{18350C34-A61A-4A35-ACA5-267582BBC105}.Debug|x64.ActiveCfg = Debug|x64
		{18350C34-A61A-4A35-ACA5-267582BBC105}.Debug|x64.Build.0 = Debug|x64
		{18350C34-A61A-4A35-ACA5-267582BBC105}.Debug|x86.ActiveCfg = Debug|Win32
		{18350C34-A61A-4A35-ACA5-267582BBC105}.Debug|x86.Build.0 = Debug|Win32
		{18350C34-A61A-4A35-ACA5-267582BBC105}.Release|x64.ActiveCfg = Release|x64
		{18350C34-A61A-4A35-ACA5-267582BBC105}.Release|x64.Build.0 = Release|x64
		{18350C34-A61A-4A35-ACA5-267582BBC105}.Release|x86.ActiveCfg = Release|Win32
		{18350C34-A61A-4A35-ACA5-267582BBC105}.Release|x86.Build.0 = Release|Win32
		{A87DBFDA-949C-48C3-AABE-DED9095850A8}.Debug|x64.ActiveCfg = Debug|x64
		{A87DBFDA-949C-48C3-AABE-DED9095850A8}.Debug|x64.Build.0 = Debug|x64
		{A87DBFDA-949C-48C3-AABE-DED9095850A8}.Debug|x86.ActiveCfg = Debug|Win32
		{A87DBFDA-949C-48C3-AABE-DED9095850A8}.Debug|x86.Build.0 = Debug|Win32
		{A87DBFDA-949C-48C3-AABE-DED9095850A8}.Release|x64.ActiveCfg = Release|x64
		{A87DBFDA-949C-48C3-AABE-DED9095850A8}.Release|x64.Build.0 = Release|x64
		{A87DBFDA-949C-48C3-AABE-DED9095850A8}.Release|x86.ActiveCfg = Release|Win32
		{A87DBFDA-949C-48C3-AABE-DED9095850A8}.Release|x86.Build.0 = Release|Win32
		{4F3823D4-ED38-4146-93BD-80E09DDE8F7B}.Debug|x64.ActiveCfg = Debug|x64
		{4F3823D4-ED38-4146-93BD-80E09DDE8F7B}.Debug|x64.Build.0 = Debug|x64
		{4F3823D4-ED38-4146-93BD-80E09DDE8F7B}.Debug|x86.ActiveCfg = Debug|Win32
		{4F3823D4-ED38-4146-93BD-80E09DDE8F7B}.Debug|x86.Build.0 = Debug|Win32
		{4F3823D4-ED38-4146-93BD-80E09DDE8F7B}.Release|x64.ActiveCfg = Release|x64
		{4F3823D4-ED38-4146-93BD-80E09DDE8F7B}.Release|x64.Build.0 = Release|x64
		{4F3823D4-ED38-4146-93BD-80E09DDE8F7B}.Release|x86.ActiveCfg = Release|Win32
		{4F3823D4-ED38-4146-93BD-80E09DDE8F7B}.Release|x86.Build.0 = Release|Win32
		{65433DBF-A77C-402F-9C00-C30945D78D70}.Debug|x64.ActiveCfg = Debug|x64
		{65433DBF-A77C-402F-9C00-C30945D78D70}.Debug|x64.Build.0 = Debug|x64
		{65433DBF-A77C-402F-9C00-C30945D78D70}.Debug|x86.ActiveCfg = Debug|Win32
		{65433DBF-A77C-402F-9C00-C30945D78D70}.Debug|x86.Build.0 = Debug|Win32
		{65433DBF-A77C-402F-9C00-C30945D78D70}.Release|x64.ActiveCfg = Release|x64
		{65433DBF-A77C-402F-9C00-C30945D78D70}.Release|x64.Build.0 = Release|x64
		{65433DBF-A77C-402F-9C00-C30945D78D70}.Release|x86.ActiveCfg = Release|Win32
		{65433DBF-A77C-402F-9C00-C30945D78D70}.Release|x86.Build.0 = Release|Win32
		{B31F71EE-9648-4E60-9162-8F27C9A96C1B}.Debug|x64.ActiveCfg = Debug|x64
		{B31F71EE-9648-4E60-9162-8F27C9A96C1B}.Debug|x64.Build.0 = Debug|x64
		{B31F71EE-9648-4E60-9162-8F27C9A96C1B}.Debug|x86.ActiveCfg = Debug|Win32
		{B31F71EE-9648-4E60-9162-8F27C9A96C1B}.Debug|x86.Build.0 = Debug|Win32
		{B31F71EE-9648-4E60-9162-8F27C9A96C1B}.Release|x64.ActiveCfg = Release|x64
		{B31F71EE-9648-4E60-9162-8F27C9A96C1B}.Release|x64.Build.0 = Release|x64
		{B31F71EE-9648-4E60-9162-8F27C9A96C1B}.Release|x86.ActiveCfg = Release|Win32
		{B31F71EE-9648-4E60-9162-8F27C9A96C1B}.Release|x86.Build.0 = Release|Win32
		{41DCDCDF-E5C4-4BDF-AE38-F0B82833B487}.Debug|x64.ActiveCfg = Debug|x64
		{41DCDCDF-E5C4-4BDF-AE38-F0B82833B487}.Debug|x64.Build.0 = Debug|x64
		{41DCDCDF-E5C4-4BDF-AE38-F0B82833B487}.Debug|x86.ActiveCfg = Debug|Win32
		{41DCDCDF-E5C4-4BDF-AE38-F0B82833B487}.Debug|x86.Build.0 = Debug|Win32
		{41DCDCDF-E5C4-4BDF-AE38-F0B82833B487}.Release|x64.ActiveCfg = Release|x64
		{41DCDCDF-E5C4-4BDF-AE38-F0B82833B487}.Release|x64.Build.0 = Release|x64
		{41DCDCDF-E5C4-4BDF-AE38-F0B82833B487}.Release|x86.ActiveCfg = Release|Win32
		{41DCDCDF-E5C4-4BDF-AE38-F0B82833B487}.Release|x86.Build.0 = Release|Win32
		{947BB9EC-FB94-4129-9CA4-470F498B78E5}.Debug|x64.ActiveCfg = Debug|x64
		{947BB9EC-FB94-4129-9CA4-470F498B78E5}.Debug|x64.Build.0 = Debug|x64
		{947BB9EC-FB94-4129-9CA4-470F498B78E5}.Debug|x86.ActiveCfg = Debug|Win32
		{947BB9EC-FB94-4129-9CA4-470F498B78E5}.Debug|x86.Build.0 = Debug|Win32
		{947BB9EC-FB94-4129-9CA4-470F498B78E5}.Release|x64.ActiveCfg = Release|x64
		{947BB9EC-FB94-4129-9CA4-470F498B78E5}.Release|x64.Build.0 = Release|x64
		{947BB9EC-FB94-4129-9CA4-470F498B78E5}.Release|x86.ActiveCfg = Release|Win32
		{947BB9EC-FB94-4129-9CA4-470F498B78E5}.Release|x86.Build.0 = Release|Win32
		{8C90C2E1-5649-43CA-B99B-F94B5C98A8AB}.Debug|x64.ActiveCfg = Debug|x64
		{8C90C2E1-5649-43CA-B99B-F94B5C98A8AB}.Debug|x64.Build.0 = Debug|x64
		{8C90C2E1-5649-43CA-B99B-F94B5C98A8AB}.Debug|x86.ActiveCfg = Debug|Win32
		{8C90C2E1-5649-43CA-B99B-F94B5C98A8AB}.Debug|x86.Build.0 = Debug|Win32
		{8C90C2E1-5649-43CA-B99B-F94B5C98A8AB}.Release|x64.ActiveCfg = Release|x64
		{8C90C2E1-5649-43CA-B99B-F94B5C98A8AB}.Release|x64.Build.0 = Release|x64
		{8C90C2E1-5649-43CA-B99B-F94B5C98A8AB}.Release|x86.ActiveCfg = Release|Win32
		{8C90C2E1-5649-43CA-B99B-F94B5C98A8AB}.Release|x86.Build.0 = Release|Win32
		{4F22E24D-C0C4-456D-8348-FADD0723B91F}.Debug|x64.ActiveCfg = Debug|x64
		{4F22E24D-C0C4-456D-8348-FADD0723B91F}.Debug|x64.Build.0 = Debug|x64
		{4F22E24D-C0C4-456D-8348-FADD0723B91F}.Debug|x86.ActiveCfg = Debug|Win32
		{4F22E24D-C0C4-456D-8348-FADD0723B91F}.Debug|x86.Build.0 = Debug|Win32
		{4F22E24D-C0C4-456D-8348-FADD0723B91F}.Release|x64.ActiveCfg = Release|x64
		{4F22E24D-C0C4-456D-8348-FADD0723B91F}.Release|x64.Build.0 = Release|x64
		{4F22E24D-C0C4-456D-8348-FADD0723B91F}.Release|x86.ActiveCfg = Release|Win32
		{4F22E24D-C0C4-456D-8348-FADD0723B91F}.Release|x86.Build.0 = Release|Win32
		{8CDB33EC-D8E3-46BB-88A0-316641ECF5FA}.Debug|x64.ActiveCfg = Debug|x64
		{8CDB33EC-D8E3-46BB-88A0-316641ECF5FA}.Debug|x64.Build.0 = Debug|x64
		{8CDB33EC-D8E3-46BB-88A0-316641ECF5FA}.Debug|x86.ActiveCfg = Debug|Win32
		{8CDB33EC-D8E3-46BB-88A0-316641ECF5FA}.Debug|x86.Build.0 = Debug|Win32
		{8CDB33EC-D8E3-46BB-88A0-316641ECF5FA}.Release|x64.ActiveCfg = Release|x64
		{8CDB33EC-D8E3-46BB-88A0-316641ECF5FA}.Release|x64.Build.0 = Release|x64
		{8CDB33EC-D8E3-46BB-88A0-316641ECF5FA}.Release|x86.ActiveCfg = Release|Win32
		{8CDB33EC-D8E3-46BB-88A0-316641ECF5FA}.Release|x86.Build.0 = Release|Win32
		{6DEE1EF1-81D0-43A2-9941-2D4BBE671D7B}.Debug|x64.ActiveCfg = Debug|x64
		{6DEE1EF1-81D0-43A2-9941-2D4BBE671D7B}.Debug|x64.Build.0 = Debug|x64
		{6DEE1EF1-81D0-43A2-9941-2D4BBE671D7B}.Debug|x86.ActiveCfg = Debug|Win32
		{6DEE1EF1-81D0-43A2-9941-2D4BBE671D7B}.Debug|x86.Build.0 = Debug|Win32
		{6DEE1EF1-81D0-43A2-9941-2D4BBE671D7B}.Release|x64.ActiveCfg = Release|x64
		{6DEE1EF1-81D0-43A2-9941-2D4BBE671D7B}.Release|x64.Build.0 = Release|x64
		{6DEE1EF1-81D0-43A2-9941-2D4BBE671D7B}.Release|x86.ActiveCfg = Release|Win32
		{6DEE1EF1-81D0-43A2-9941-2D4BBE671D7B}.Release|x86.Build.0 = Release|Win32
		{39E0987A-6287-4DAD-8E4C-99DF53D0393D}.Debug|x64.ActiveCfg = Debug|x64
		{39E0987A-6287-4DAD-8E4C-99DF53D0393D}.Debug|x64.Build.0 = Debug|x64
		{39E0987A-6287-4DAD-8E4C-99DF53D0393D}.Debug|x86.ActiveCfg = Debug|Win32
		{39E0987A-6287-4DAD-8E4C-99DF53D0393D}.Debug|x86.Build.0 = Debug|Win32
		{39E0987A-6287-4DAD-8E4C-99DF53D0393D}.Release|x64.ActiveCfg = Release|x64
		{39E0987A-6287-4DAD-8E4C-99DF53D0393D}.Release|x64.Build.0 = Release|x64
		{39E0987A-6287-4DAD-8E4C-99DF53D0393D}.Release|x86.ActiveCfg = Release|Win32
		{39E0987A-6287-4DAD-8E4C-99DF53D0393D}.Release|x86.Build.0 = Release|Win32
		{AADA9B14-C6A4-4F00-B606-62D249CFADB1}.Debug|x64.ActiveCfg = Debug|x64
		{AADA9B14-C6A4-4F00-B606-62D249CFADB1}.Debug|x64.Build.0 = Debug|x64
		{AADA9B14-C6A4-4F00-B606-62D249CFADB1}.Debug|x86.ActiveCfg = Debug|Win32
		{AADA9B14-C6A4-4F00-B606-62D249CFADB1}.Debug|x86.Build.0 = Debug|Win32
		{AADA9B14-C6A4-4F00-B606-62D249CFADB1}.Release|x64.ActiveCfg = Release|x64
		{AADA9B14-C6A4-4F00-B606-62D249CFADB1}.Release|x64.Build.0 = Release|x64
		{AADA9B14-C6A4-4F00-B606-62D249CFADB1}.Release|x86.ActiveCfg = Release|Win32
		{AADA9B14-C6A4-4F00-B606-62D249CFADB1}.Release|x86.Build.0 = Release|Win32
		{81C66F62-32C1-4EBF-B54A-858F4B393A12}.Debug|x64.ActiveCfg = Debug|x64
		{81C66F62-32C1-4EBF-B54A-858F4B393A12}.Debug|x64.Build.0 = Debug|x64
		{81C66F62-32C1-4EBF-B54A-858F4B393A12}.Debug|x86.ActiveCfg = Debug|Win32
		{81C66F62-32C1-4EBF-B54A-858F4B393A12}.Debug|x86.Build.0 = Debug|Win32
		{81C66F62-32C1-4EBF-B54A-858F4B393A12}.Release|x64.ActiveCfg = Release|x64
		{81C66F62-32C1-4EBF-B54A-858F4B393A12}.Release|x64.Build.0 = Release|x64
		{81C66F62-32C1-4EBF-B54A-858F4B393A12}.Release|x86.ActiveCfg = Release|Win32
		{81C66F62-32C1-4EBF-B54A-858F4B393A12}.Release|x86.Build.0 = Release|Win32
		{269808B3-7E89-4927-AF56-1FBB53D3CA26}.Debug|x64.ActiveCfg = Debug|x64
		{269808B3-7E89-4927-AF56-1FBB53D3CA26}.Debug|x64.Build.0 = Debug|x64
		{269808B3-7E89-4927-AF56-1FBB53D3CA26}.Debug|x86.ActiveCfg = Debug|Win32
		{269808B3-7E89-4927-AF56-1FBB53D3CA26}.Debug|x86.Build.0 = Debug|Win32
		{269808B3-7E89-4927-AF56-1FBB53D3CA26}.Release|x64.ActiveCfg = Release|x64
		{269808B3-7E89-4927-AF56-1FBB53D3CA26}.Release|x64.Build.0 = Release|x64
		{269808B3-7E89-4927-AF56-1FBB53D3CA26}.Release|x86.ActiveCfg = Release|Win32
		{269808B3-7E89-4927-AF56-1FBB53D3CA26}.Release|x86.Build.0 = Release|Win32
		{CC2165A1-8DDA-4319-AAA8-4CD7CA346051}.Debug|x64.ActiveCfg = Debug|x64
		{CC2165A1-8DDA-4319-AAA8-4CD7CA346051}.Debug|x64.Build.0 = Debug|x64
		{CC2165A1-8DDA-4319-AAA8-4CD7CA346051}.Debug|x86.ActiveCfg = Debug|Win32
		{CC2165A1-8DDA-4319-AAA8-4CD7CA346051}.Debug|x86.Build.0 = Debug|Win32
		{CC2165A1-8DDA-4319-AAA8-4CD7CA346051}.Release|x64.ActiveCfg = Release|x64
		{CC2165A1-8DDA-4319-AAA8-4CD7CA346051}.Release|x64.Build.0 = Release|x64
		{CC2165A1-8DDA-4319-AAA8-4CD7CA346051}.Release|x86.ActiveCfg = Release|Win32
		{CC2165A1-8DDA-4319-AAA8-4CD7CA346051}.Release|x86.Build.0 = Release|Win32
		{D9BC6969-F4CC-44E3-A61A-4CF5AF5626C6}.Debug|x64.ActiveCfg = Debug|x64
		{D9BC6969-F4CC-44E3-A61A-4CF5AF5626C6}.Debug|x64.Build.0 = Debug|x64
		{D9BC6969-F4CC-44E3-A61A-4CF5AF5626C6}.Debug|x86.ActiveCfg = Debug|Win32
		{D9BC6969-F4CC-44E3-A61A-4CF5AF5626C6}.Debug|x86.Build.0 = Debug|Win32
		{D9BC6969-F4CC-44E3-A61A-4CF5AF5626C6}.Release|x64.ActiveCfg = Release|x64
		{D9BC6969-F4CC-44E3-A61A-4CF5AF5626C6}.Release|x64.Build.0 = Release|x64
		{D9BC6969-F4CC-44E3-A61A-4CF5AF5626C6}.Release|x86.ActiveCfg = Release|Win32
		{D9BC6969-F4CC-44E3-A61A-4CF5AF5626C6}.Release|x86.Build.0 = Release|Win32
		{EFC4B16E-EC6D-49D7-AF61-86BDF6A0A080}.Debug|x64.ActiveCfg = Debug|x64
		{EFC4B16E-EC6D-49D7-AF61-86BDF6A0A080}.Debug|x64.Build.0 = Debug|x64
		{EFC4B16E-EC6D-49D7-AF61-86BDF6A0A080}.Debug|x86.ActiveCfg = Debug|Win32
		{EFC4B16E-EC6D-49D7-AF61-86BDF6A0A080}.Debug|x86.Build.0 = Debug|Win32
		{EFC4B16E-EC6D-49D7-AF61-86BDF6A0A080}.Release|x64.ActiveCfg = Release|x64
		{EFC4B16E-EC6D-49D7-AF61-86BDF6A0A080}.Release|x64.Build.0 = Release|x64
		{EFC4B16E-EC6D-49D7-AF61-86BDF6A0A080}.Release|x86.ActiveCfg = Release|Win32
		{EFC4B16E-EC6D-49D7-AF61-86BDF6A0A080}.Release|x86.Build.0 = Release|Win32
		{37923F84-8941-4DE1-9B24-2879891D7382}.Debug|x64.ActiveCfg = Debug|x64
		{37923F84-8941-4DE1-9B24-2879891D7382}.Debug|x64.Build.0 = Debug|x64
		{37923F84-8941-4DE1-9B24-2879891D7382}.Debug|x86.ActiveCfg = Debug|Win32
		{37923F84-8941-4DE1-9B24-2879891D7382}.Debug|x86.Build.0 = Debug|Win32
		{37923F84-8941-4DE1-9B24-2879891D7382}.Release|x64.ActiveCfg = Release|x64
		{37923F84-8941-4DE1-9B24-2879891D7382}.Release|x64.Build.0 = Release|x64
		{37923F84-8941-4DE1-9B24-2879891D7382}.Release|x86.ActiveCfg = Release|Win32
		{37923F84-8941-4DE1-9B24-2879891D7382}.Release|x86.Build.0 = Release|Win32
		{90404816-C22A-4BA0-949C-4E344C28412F}.Debug|x64.ActiveCfg = Debug|x64
		{90404816-C22A-4BA0-949C-4E344C28412F}.Debug|x64.Build.0 = Debug|x64
		{90404816-C22A-4BA0-949C-4E344C28412F}.Debug|x86.ActiveCfg = Debug|Win32
		{90404816-C22A-4BA0-949C-4E344C28412F}.Debug|x86.Build.0 = Debug|Win32
		{90404816-C22A-4BA0-949C-4E344C28412F}.Release|x64.ActiveCfg = Release|x64
		{90404816-C22A-4BA0-949C-4E344C28412F}.Release|x64.Build.0 = Release|x64
		{90404816-C22A-4BA0-949C-4E344C28412F}.Release|x86.ActiveCfg = Release|Win32
		{90404816-C22A-4BA0-949C-4E344C28412F}.Release|x86.Build.0 = Release|Win32
		{792CF5FD-3B82-4804-96CD-3128F7637468}.Debug|x64.ActiveCfg = Debug|x64
		{792CF5FD-3B82-4804-96CD-3128F7637468}.Debug|x64.Build.0 = Debug|x64
		{792CF5FD-3B82-4804-96CD-3128F7637468}.Debug|x86.ActiveCfg = Debug|Win32
		{792CF5FD-3B82-4804-96CD-3128F7637468}.Debug|x86.Build.0 = Debug|Win32
		{792CF5FD-3B82-4804-96CD-3128F7637468}.Release|x64.ActiveCfg = Release|x64
		{792CF5FD-3B82-4804-96CD-3128F7637468}.Release|x64.Build.0 = Release|x64
		{792CF5FD-3B82-4804-96CD-3128F7637468}.Release|x86.ActiveCfg = Release|Win32
		{792CF5FD-3B82-4804-96CD-3128F7637468}.Release|x86.Build.0 = Release|Win32
		{D43DE93C-A25C-457A-8537-A0754BCD8B3A}.Debug|x64.ActiveCfg = Debug|x64
		{D43DE93C-A25C-457A-8537-A0754BCD8B3A}.Debug|x64.Build.0 = Debug|x64
		{D43DE93C-A25C-457A-8537-A0754BCD8B3A}.Debug|x86.ActiveCfg = Debug|Win32
		{D43DE93C-A25C-457A-8537-A0754BCD8B3A}.Debug|x86.Build.0 = Debug|Win32
		{D43DE93C-A25C-457A-8537-A0754BCD8B3A}.Release|x64.ActiveCfg = Release|x64
		{D43DE93C-A25C-457A-8537-A0754BCD8B3A}.Release|x64.Build.0 = Release|x64
		{D43DE93C-A25C-457A-8537-A0754BCD8B3A}.Release|x86.ActiveCfg = Release|Win32
		{D43DE93C-A25C-457A-8537-A0754BCD8B3A}.Release|x86.Build.0 = Release|Win32
		{F119B951-CAE6-4E0E-9310-5456864EC35F}.Debug|x64.ActiveCfg = Debug|x64
		{F119B951-CAE6-4E0E-9310-5456864EC35F}.Debug|x64.Build.0 = Debug|x64
		{F119B951-CAE6-4E0E-9310-5456864EC35F}.Debug|x86.ActiveCfg = Debug|Win32
		{F119B951-CAE6-4E0E-9310-5456864EC35F}.Debug|x86.Build.0 = Debug|Win32
		{F119B951-CAE6-4E0E-9310-5456864EC35F}.Release|x64.ActiveCfg = Release|x64
		{F119B951-CAE6-4E0E-9310-5456864EC35F}.Release|x64.Build.0 = Release|x64
		{F119B951-CAE6-4E0E-9310-5456864EC35F}.Release|x86.ActiveCfg = Release|Win32
		{F119B951-CAE6-4E0E-9310-5456864EC35F}.Release|x86.Build.0 = Release|Win32
		{92EB3AEB-3DC9-4D37-8B97-2717AB8986AB}.Debug|x64.ActiveCfg = Debug|x64
		{92EB3AEB-3DC9-4D37-8B97-2717AB8986AB}.Debug|x64.Build.0 = Debug|x64
		{92EB3AEB-3DC9-4D37-8B97-2717AB8986AB}.Debug|x86.ActiveCfg = Debug|Win32
		{92EB3AEB-3DC9-4D37-8B97-2717AB8986AB}.Debug|x86.Build.0 = Debug|Win32
		{92EB3AEB-3DC9-4D37-8B97-2717AB8986AB}.Release|x64.ActiveCfg = Release|x64
		{92EB3AEB-3DC9-4D37-8B97-2717AB8986AB}.Release|x64.Build.0 = Release|x64
		{92EB3AEB-3DC9-4D37-8B97-2717AB8986AB}.Release|x86.ActiveCfg = Release|Win32
		{92EB3AEB-3DC9-4D37-8B97-2717AB8986AB}.Release|x86.Build.0 = Release|Win32
		{A6B82043-37D2-49FD-9FE3-B810DC2A7156}.Debug|x64.ActiveCfg = Debug|x64
		{A6B82043-37D2-49FD-9FE3-B810DC2A7156}.Debug|x64.Build.0 = Debug|x64
		{A6B82043-37D2-49FD-9FE3-B810DC2A7156}.Debug|x86.ActiveCfg = Debug|Win32
		{A6B82043-37D2-49FD-9FE3-B810DC2A7156}.Debug|x86.Build.0 = Debug|Win32
		{A6B82043-37D2-49FD-9FE3-B810DC2A7156}.Release|x64.ActiveCfg = Release|x64
		{A6B82043-37D2-49FD-9FE3-B810DC2A7156}.Release|x64.Build.0 = Release|x64
		{A6B82043-37D2-49FD-9FE3-B810DC2A7156}.Release|x86.ActiveCfg = Release|Win32
		{A6B82043-37D2-49FD-9FE3-B810DC2A7156}.Release|x86.Build.0 = Release|Win32
		{6FF8966A-9CA9-4F10-94A8-F8D65A18F875}.Debug|x64.ActiveCfg = Debug|x64
		{6FF8966A-9CA9-4F10-94A8-F8D65A18F875}.Debug|x64.Build.0 = Debug|x64
		{6FF8966A-9CA9-4F10-94A8-F8D65A18F875}.Debug|x86.ActiveCfg = Debug|Win32
		{6FF8966A-9CA9-4F10-94A8-F8D65A18F875}.Debug|x86.Build.0 = Debug|Win32
		{6FF8966A-9CA9-4F10-94A8-F8D65A18F875}.Release|x64.ActiveCfg = Release|x64
		{6FF8966A-9CA9-4F10-94A8-F8D65A18F875}.Release|x64.Build.0 = Release|x64
		{6FF8966A-9CA9-4F10-94A8-F8D65A18F875}.Release|x86.ActiveCfg = Release|Win32
		{6FF8966A-9CA9-4F10-94A8-F8D65A18F875}.Release|x86.Build.0 = Release|Win32
		{E5EC4BE5-1806-4B7A-A1AB-01B892DD1643}.Debug|x64.ActiveCfg = Debug|x64
		{E5EC4BE5-1806-4B7A-A1AB-01B892DD1643}.Debug|x64.Build.0 = Debug|x64
		{E5EC4BE5-1806-4B7A-A1AB-01B892DD1643}.Debug|x86.ActiveCfg = Debug|Win32
		{E5EC4BE5-1806-4B7A-A1AB-01B892DD1643}.Debug|x86.Build.0 = Debug|Win32
		{E5EC4BE5-1806-4B7A-A1AB-01B892DD1643}.Release|x64.ActiveCfg = Release|x64
		{E5EC4BE5-1806-4B7A-A1AB-01B892DD1643}.Release|x64.Build.0 = Release|x64
		{E5EC4BE5-1806-4B7A-A1AB-01B892DD1643}.Release|x86.ActiveCfg = Release|Win32
		{E5EC4BE5-1806-4B7A-A1AB-01B892DD1643}.Release|x86.Build.0 = Release|Win32
		{CCE97B8A-9E67-4937-8FE9-3E256D4B96E2}.Debug|x64.ActiveCfg = Debug|x64
		{CCE97B8A-9E67-4937-8FE9-3E256D4B96E2}.Debug|x64.Build.0 = Debug|x64
		{CCE97B8A-9E67-4937-8FE9-3E256D4B96E2}.Debug|x86.ActiveCfg = Debug|Win32
		{CCE97B8A-9E67-4937-8FE9-3E256D4B96E2}.Debug|x86.Build.0 = Debug|Win32
		{CCE97B8A-9E67-4937-8FE9-3E256D4B96E2}.Release|x64.ActiveCfg = Release|x64
		{CCE97B8A-9E67-4937-8FE9-3E256D4B96E2}.Release|x64.Build.0 = Release|x64
		{CCE97B8A-9E67-4937-8FE9-3E256D4B96E2}.Release|x86.ActiveCfg = Release|Win32
		{CCE97B8A-9E67-4937-8FE9-3E256D4B96E2}.Release|x86.Build.0 = Release|Win32
		{D3969766-32D8-40BA-9F60-83FC01D7F67D}.Debug|x64.ActiveCfg = Debug|x64
		{D3969766-32D8-40BA-9F60-83FC01D7F67D}.Debug|x64.Build.0 = Debug|x64
		{D3969766-32D8-40BA-9F60-83FC01D7F67D}.Debug|x86.ActiveCfg = Debug|Win32
		{D3969766-32D8-40BA-9F60-83FC01D7F67D}.Debug|x86.Build.0 = Debug|Win32
		{D3969766-32D8-40BA-9F60-83FC01D7F67D}.Release|x64.ActiveCfg = Release|x64
		{D3969766-32D8-40BA-9F60-83FC01D7F67D}.Release|x64.Build.0 = Release|x64
		{D3969766-32D8-40BA-9F60-83FC01D7F67D}.Release|x86.ActiveCfg = Release|Win32
		{D3969766-32D8-40BA-9F60-83FC01D7F67D}.Release|x86.Build.0 = Release|Win32
		{410C6DB9-B924-4441-806C-63D2E334EBF2}.Debug|x64.ActiveCfg = Debug|x64
		{410C6DB9-B924-4441-806C-63D2E334EBF2}.Debug|x64.Build.0 = Debug|x64
		{410C6DB9-B924-4441-806C-63D2E334EBF2}.Debug|x86.ActiveCfg = Debug|Win32
		{410C6DB9-B924-4441-806C-63D2E334EBF2}.Debug|x86.Build.0 = Debug|Win32
		{410C6DB9-B924-4441-806C-63D2E334EBF2}.Release|x64.ActiveCfg = Release|x64
		{410C6DB9-B924-4441-806C-63D2E334EBF2}.Release|x64.Build.0 = Release|x64
		{410C6DB9-B924-4441-806C-63D2E334EBF2}.Release|x86.ActiveCfg = Release|Win32
		{410C6DB9-B924-4441-806C-63D2E334EBF2}.Release|x86.Build.0 = Release|Win32
		{0DCB0CFB-45AC-40FF-BA88-4ABD23BCB280}.Debug|x64.ActiveCfg = Debug|x64
		{0DCB0CFB-45AC-40FF-BA88-4ABD23BCB280}.Debug|x64.Build.0 = Debug|x64
		{0DCB0CFB-45AC-40FF-BA88-4ABD23BCB280}.Debug|x86.ActiveCfg = Debug|Win32
		{0DCB0CFB-45AC-40FF-BA88-4ABD23BCB280}.Debug|x86.Build.0 = Debug|Win32
		{0DCB0CFB-45AC-40FF-BA88-4ABD23BCB280}.Release|x64.ActiveCfg = Release|x64
		{0DCB0CFB-45AC-40FF-BA88-4ABD23BCB280}.Release|x64.Build.0 = Release|x64
		{0DCB0CFB-45AC-40FF-BA88-4ABD23BCB280}.Release|x86.ActiveCfg = Release|Win32
		{0DCB0CFB-45AC-40FF-BA88-4ABD23BCB280}.Release|x86.Build.0 = Release|Win32
		{4FEAC2D8-B39D-4AF8-9515-D9CADD6862B7}.Debug|x64.ActiveCfg = Debug|x64
		{4FEAC2D8-B39D-4AF8-9515-D9CADD6862B7}.Debug|x64.Build.0 = Debug|x64
		{4FEAC2D8-B39D-4AF8-9515-D9CADD6862B7}.Debug|x86.ActiveCfg = Debug|Win32
		{4FEAC2D8-B39D-4AF8-9515-D9CADD6862B7}.Debug|x86.Build.0 = Debug|Win32
		{4FEAC2D8-B39D-4AF8-9515-D9CADD6862B7}.Release|x64.ActiveCfg = Release|x64
		{4FEAC2D8-B39D-4AF8-9515-D9CADD6862B7}.Release|x64.Build.0 = Release|x64
		{4FEAC2D8-B39D-4AF8-9515-D9CADD6862B7}.Release|x86.ActiveCfg = Release|Win32
		{4FEAC2D8-B39D-4AF8-9515-D9CADD6862B7}.Release|x86.Build.0 = Release|Win32
		{0E6E75AB-7998-40D2-ADC9-95754864D271}.Debug|x64.ActiveCfg = Debug|x64
		{0E6E75AB-7998-40D2-ADC9-95754864D271}.Debug|x64.Build.0 = Debug|x64
		{0E6E75AB-7998-40D2-ADC9-95754864D271}.Debug|x86.ActiveCfg = Debug|Win32
		{0E6E75AB-7998-40D2-ADC9-95754864D271}.Debug|x86.Build.0 = Debug|Win32
		{0E6E75AB-7998-40D2-ADC9-95754864D271}.Release|x64.ActiveCfg = Release|x64
		{0E6E75AB-7998-40D2-ADC9-95754864D271}.Release|x64.Build.0 = Release|x64
		{0E6E75AB-7998-40D2-ADC9-95754864D271}.Release|x86.ActiveCfg = Release|Win32
		{0E6E75AB-7998-40D2-ADC9-95754864D271}.Release|x86.Build.0 = Release|Win32
		{F772BE00-15FD-410E-BDFA-FDF1237D15C7}.Debug|x64.ActiveCfg = Debug|x64
		{F772BE00-15FD-410E-BDFA-FDF1237D15C7}.Debug|x64.Build.0 = Debug|x64
		{F772BE00-15FD-410E-BDFA-FDF1237D15C7}.Debug|x86.ActiveCfg = Debug|Win32
		{F772BE00-15FD-410E-BDFA-FDF1237D15C7}.Debug|x86.Build.0 = Debug|Win32
		{F772BE00-15FD-410E-BDFA-FDF1237D15C7}.Release|x64.ActiveCfg = Release|x64
		{F772BE00-15FD-410E-BDFA-FDF1237D15C7}.Release|x64.Build.0 = Release|x64
		{F772BE00-15FD-410E-BDFA-FDF1237D15C7}.Release|x86.ActiveCfg = Release|Win32
		{F772BE00-15FD-410E-BDFA-FDF1237D15C7}.Release|x86.Build.0 = Release|Win32
		{BFAD982E-1BFC-4F37-8D05-264287A58B9F}.Debug|x64.ActiveCfg = Debug|x64
		{BFAD982E-1BFC-4F37-8D05-264287A58B9F}.Debug|x64.Build.0 = Debug|x64
		{BFAD982E-1BFC-4F37-8D05-264287A58B9F}.Debug|x86.ActiveCfg = Debug|Win32
		{BFAD982E-1BFC-4F37-8D05-264287A58B9F}.Debug|x86.Build.0 = Debug|Win32
		{BFAD982E-1BFC-4F37-8D05-264287A58B9F}.Release|x64.ActiveCfg = Release|x64
		{BFAD982E-1BFC-4F37-8D05-264287A58B9F}.Release|x64.Build.0 = Release|x64
		{BFAD982E-1BFC-4F37-8D05-264287A58B9F}.Release|x86.ActiveCfg = Release|Win32
		{BFAD982E-1BFC-4F37-8D05-264287A58B9F}.Release|x86.Build.0 = Release|Win32
		{3B304DA5-4C01-498E-80D2-56C749C74EDF}.Debug|x64.ActiveCfg = Debug|x64
		{3B304DA5-4C01-498E-80D2-56C749C74EDF}.Debug|x64.Build.0 = Debug|x64
		{3B304DA5-4C01-498E-80D2-56C749C74EDF}.Debug|x86.ActiveCfg = Debug|Win32
		{3B304DA5-4C01-498E-80D2-56C749C74EDF}.Debug|x86.Build.0 = Debug|Win32
		{3B304DA5-4C01-498E-80D2-56C749C74EDF}.Release|x64.ActiveCfg = Release|x64
		{3B304DA5-4C01-498E-80D2-56C749C74EDF}.Release|x64.Build.0 = Release|x64
		{3B304DA5-4C01-498E-80D2-56C749C74EDF}.Release|x86.ActiveCfg = Release|Win32
		{3B304DA5-4C01-498E-80D2-56C749C74EDF}.Release|x86.Build.0 = Release|Win32
		{A554D9DC-C36B-48A7-A50E-C2B6C1B18D51}.Debug|x64.ActiveCfg = Debug|x64
		{A554D9DC-C36B-48A7-A50E-C2B6C1B18D51}.Debug|x64.Build.0 = Debug|x64
		{A554D9DC-C36B-48A7-A50E-C2B6C1B18D51}.Debug|x86.ActiveCfg = Debug|Win32
		{A554D9DC-C36B-48A7-A50E-C2B6C1B18D51}.Debug|x86.Build.0 = Debug|Win32
		{A554D9DC-C36B-48A7-A50E-C2B6C1B18D51}.Release|x64.ActiveCfg = Release|x64
		{A554D9DC-C36B-48A7-A50E-C2B6C1B18D51}.Release|x64.Build.0 = Release|x64
		{A554D9DC-C36B-48A7-A50E-C2B6C1B18D51}.Release|x86.ActiveCfg = Release|Win32
		{A554D9DC-C36B-48A7-A50E-C2B6C1B18D51}.Release|x86.Build.0 = Release|Win32
		{A278599A-C2E0-4899-8A22-CAAA48074FFB}.Debug|x64.ActiveCfg = Debug|x64
		{A278599A-C2E0-4899-8A22-CAAA48074FFB}.Debug|x64.Build.0 = Debug|x64
		{A278599A-C2E0-4899-8A22-CAAA48074FFB}.Debug|x86.ActiveCfg = Debug|Win32
		{A278599A-C2E0-4899-8A22-CAAA48074FFB}.Debug|x86.Build.0 = Debug|Win32
		{A278599A-C2E0-4899-8A22-CAAA48074FFB}.Release|x64.ActiveCfg = Release|x64
		{A278599A-C2E0-4899-8A22-CAAA48074FFB}.Release|x64.Build.0 = Release|x64
		{A278599A-C2E0-4899-8A22-CAAA48074FFB}.Release|x86.ActiveCfg = Release|Win32
		{A278599A-C2E0-4899-8A22-CAAA48074FFB}.Release|x86.Build.0 = Release|Win32
		{A9BAA254-3EBB-4A89-A34D-D5764B2ADF91}.Debug|x64.ActiveCfg = Debug|x64
		{A9BAA254-3EBB-4A89-A34D-D5764B2ADF91}.Debug|x64.Build.0 = Debug|x64
		{A9BAA254-3EBB-4A89-A34D-D5764B2ADF91}.Debug|x86.ActiveCfg = Debug|Win32
		{A9BAA254-3EBB-4A89-A34D-D5764B2ADF91}.Debug|x86.Build.0 = Debug|Win32
		{A9BAA254-3EBB-4A89-A34D-D5764B2ADF91}.Release|x64.ActiveCfg = Release|x64
		{A9BAA254-3EBB-4A89-A34D-D5764B2ADF91}.Release|x64.Build.0 = Release|x64
		{A9BAA254-3EBB-4A89-A34D-D5764B2ADF91}.Release|x86.ActiveCfg = Release|Win32
		{A9BAA254-3EBB-4A89-A34D-D5764B2ADF91}.Release|x86.Build.0 = Release|Win32
		{8FEE3DDD-11FE-4216-9078-B7B4019323E2}.Debug|x64.ActiveCfg = Debug|x64
		{8FEE3DDD-11FE-4216-9078-B7B4019323E2}.Debug|x64.Build.0 = Debug|x64
		{8FEE3DDD-11FE-4216-9078-B7B4019323E2}.Debug|x86.ActiveCfg = Debug|Win32
		{8FEE3DDD-11FE-4216-9078-B7B4019323E2}.Debug|x86.Build.0 = Debug|Win32
		{8FEE3DDD-11FE-4216-9078-B7B4019323E2}.Release|x64.ActiveCfg = Release|x64
		{8FEE3DDD-11FE-4216-9078-B7B4019323E2}.Release|x64.Build.0 = Release|x64
		{8FEE3DDD-11FE-4216-9078-B7B4019323E2}.Release|x86.ActiveCfg = Release|Win32
		{8FEE3DDD-11FE-4216-9078-B7B4019323E2}.Release|x86.Build.0 = Release|Win32
		{286A6E74-4754-43BE-92EC-0ACC8BC01FDD}.Debug|x64.ActiveCfg = Debug|x64
		{286A6E74-4754-43BE-92EC-0ACC8BC01FDD}.Debug|x64.Build.0 = Debug|x64
		{286A6E74-4754-43BE-92EC-0ACC8BC01FDD}.Debug|x86.ActiveCfg = Debug|Win32
		{286A6E74-4754-43BE-92EC-0ACC8BC01FDD}.Debug|x86.Build.0 = Debug|Win32
		{286A6E74-4754-43BE-92EC-0ACC8BC01FDD}.Release|x64.ActiveCfg = Release|x64
		{286A6E74-4754-43BE-92EC-0ACC8BC01FDD}.Release|x64.Build.0 = Release|x64
		{286A6E74-4754-43BE-92EC-0ACC8BC01FDD}.Release|x86.ActiveCfg = Release|Win32
		{286A6E74-4754-43BE-92EC-0ACC8BC01FDD}.Release|x86.Build.0 = Release|Win32
		{A52808DF-D680-44D6-8F7F-F94C97F7E598}.Debug|x64.ActiveCfg = Debug|x64
		{A52808DF-D680-44D6-8F7F-F94C97F7E598}.Debug|x64.Build.0 = Debug|x64
		{A52808DF-D680-44D6-8F7F-F94C97F7E598}.Debug|x86.ActiveCfg = Debug|Win32
		{A52808DF-D680-44D6-8F7F-F94C97F7E598}.Debug|x86.Build.0 = Debug|Win32
		{A52808DF-D680-44D6-8F7F-F94C97F7E598}.Release|x64.ActiveCfg = Release|x64
		{A52808DF-D680-44D6-8F7F-F94C97F7E598}.Release|x64.Build.0 = Release|x64
		{A52808DF-D680-44D6-8F7F-F94C97F7E598}.Release|x86.ActiveCfg = Release|Win32
		{A52808DF-D680-44D6-8F7F-F94C97F7E598}.Release|x86.Build.0 = Release|Win32
	EndGlobalSection
	GlobalSection(SolutionProperties) = preSolution
		HideSolutionNode = FALSE
	EndGlobalSection
	GlobalSection(ExtensibilityGlobals) = postSolution
		SolutionGuid = {E1F40DE8-BF55-4993-8CF0-832D7F888D52}
	EndGlobalSection
EndGlobal
