
Microsoft Visual Studio Solution File, Format Version 12.00
# Visual Studio Version 17
VisualStudioVersion = 17.7.34221.43
MinimumVisualStudioVersion = 10.0.40219.1
Project("{8BC9CEB8-8B4A-11D0-8D11-00A0C91BC942}") = "Bai002", "Bai002\Bai002.vcxproj", "{26983B60-AC17-4DEF-B2A5-097D75C6EC4F}"
EndProject
Project("{8BC9CEB8-8B4A-11D0-8D11-00A0C91BC942}") = "Bai007", "Bai007\Bai007.vcxproj", "{5B7FC859-FFC0-4407-8FE4-87A7C58E82D7}"
EndProject
Project("{8BC9CEB8-8B4A-11D0-8D11-00A0C91BC942}") = "Bai012", "Bai012\Bai012.vcxproj", "{40063E95-D281-42F4-8C8D-539A98D48AE1}"
EndProject
Project("{8BC9CEB8-8B4A-11D0-8D11-00A0C91BC942}") = "Bai017", "Bai017\Bai017.vcxproj", "{688E64F6-E02C-4AC9-971A-96796DEBD88D}"
EndProject
Project("{8BC9CEB8-8B4A-11D0-8D11-00A0C91BC942}") = "Bai022", "Bai022\Bai022.vcxproj", "{B5ECDBF6-6F25-4629-A35D-BCE28AF2B931}"
EndProject
Project("{8BC9CEB8-8B4A-11D0-8D11-00A0C91BC942}") = "Bai001", "Bai001\Bai001.vcxproj", "{8F87D4E3-22B2-4462-B3F2-72314621C966}"
EndProject
Project("{8BC9CEB8-8B4A-11D0-8D11-00A0C91BC942}") = "Bai006", "Bai006\Bai006.vcxproj", "{94BE5F45-6639-4856-8D0E-6F056A4C9CFB}"
EndProject
Project("{8BC9CEB8-8B4A-11D0-8D11-00A0C91BC942}") = "Bai011", "Bai011\Bai011.vcxproj", "{31EE6FC6-4FFB-4BA0-9B19-CF52C57F5666}"
EndProject
Project("{8BC9CEB8-8B4A-11D0-8D11-00A0C91BC942}") = "Bai016", "Bai016\Bai016.vcxproj", "{64DA1EBB-8E91-4D4C-A075-9542825FBC19}"
EndProject
Project("{8BC9CEB8-8B4A-11D0-8D11-00A0C91BC942}") = "Bai021", "Bai021\Bai021.vcxproj", "{35ED3B01-B10B-4D40-9BC2-D56E31DBC8E8}"
EndProject
Project("{8BC9CEB8-8B4A-11D0-8D11-00A0C91BC942}") = "Bai026", "Bai026\Bai026.vcxproj", "{DE9D802C-EF33-4D93-BE19-8576C68EB43C}"
EndProject
Project("{8BC9CEB8-8B4A-11D0-8D11-00A0C91BC942}") = "Bai031", "Bai031\Bai031.vcxproj", "{F74C7059-8CB2-4694-805A-78C417CFF4EF}"
EndProject
Project("{8BC9CEB8-8B4A-11D0-8D11-00A0C91BC942}") = "Bai036", "Bai036\Bai036.vcxproj", "{8F0FCB9F-0413-441A-9B9A-3587ADBC58EF}"
EndProject
Project("{8BC9CEB8-8B4A-11D0-8D11-00A0C91BC942}") = "Bai041", "Bai041\Bai041.vcxproj", "{1C7A1EAE-6A53-4E24-85F2-2B3962F30219}"
EndProject
Project("{8BC9CEB8-8B4A-11D0-8D11-00A0C91BC942}") = "Bai046", "Bai046\Bai046.vcxproj", "{7A55FAAD-5730-4103-A32C-3C00001C7998}"
EndProject
Project("{8BC9CEB8-8B4A-11D0-8D11-00A0C91BC942}") = "Bai051", "Bai051\Bai051.vcxproj", "{B33BD8A3-B680-4FD8-A24B-24ECAF587BB9}"
EndProject
Project("{8BC9CEB8-8B4A-11D0-8D11-00A0C91BC942}") = "Bai056", "Bai056\Bai056.vcxproj", "{363C28C7-0896-456D-83D5-68BB32A551CF}"
EndProject
Project("{8BC9CEB8-8B4A-11D0-8D11-00A0C91BC942}") = "Bai061", "Bai061\Bai061.vcxproj", "{7885ECEA-A836-40BB-A8BC-32BF788F49A8}"
EndProject
Project("{8BC9CEB8-8B4A-11D0-8D11-00A0C91BC942}") = "Bai066", "Bai066\Bai066.vcxproj", "{4E6707C1-1A57-465D-8FA6-6D1833FE889A}"
EndProject
Project("{8BC9CEB8-8B4A-11D0-8D11-00A0C91BC942}") = "Bai071", "Bai071\Bai071.vcxproj", "{34C033AE-026B-4B68-A8F5-CCA09A17D6BC}"
EndProject
Project("{8BC9CEB8-8B4A-11D0-8D11-00A0C91BC942}") = "Bai076", "Bai076\Bai076.vcxproj", "{B55A9999-C7EA-465B-AAD9-DC5C21A5EF39}"
EndProject
Project("{8BC9CEB8-8B4A-11D0-8D11-00A0C91BC942}") = "Bai081", "Bai081\Bai081.vcxproj", "{17603F13-97D3-4F60-8898-97CE8C321CE4}"
EndProject
Project("{8BC9CEB8-8B4A-11D0-8D11-00A0C91BC942}") = "Bai086", "Bai086\Bai086.vcxproj", "{8EA118F0-99F4-4C9C-8D07-1BE61EFF4B61}"
EndProject
Project("{8BC9CEB8-8B4A-11D0-8D11-00A0C91BC942}") = "Bai091", "Bai091\Bai091.vcxproj", "{F539F8B5-F036-4E6E-A85C-90B38A52DA22}"
EndProject
Project("{8BC9CEB8-8B4A-11D0-8D11-00A0C91BC942}") = "Bai096", "Bai096\Bai096.vcxproj", "{83EB5550-053A-4D18-9214-5051145203D7}"
EndProject
Project("{8BC9CEB8-8B4A-11D0-8D11-00A0C91BC942}") = "Bai101", "Bai101\Bai101.vcxproj", "{E1BE8CE3-A168-4A3F-9E6D-A6776D4F0572}"
EndProject
Project("{8BC9CEB8-8B4A-11D0-8D11-00A0C91BC942}") = "Bai106", "Bai106\Bai106.vcxproj", "{8D6473EF-57BA-4368-A8F7-7A98FB09C878}"
EndProject
Project("{8BC9CEB8-8B4A-11D0-8D11-00A0C91BC942}") = "Bai111", "Bai111\Bai111.vcxproj", "{A6FEAEE6-03EB-4331-8376-4F96EC7322A7}"
EndProject
Project("{8BC9CEB8-8B4A-11D0-8D11-00A0C91BC942}") = "Bai116", "Bai116\Bai116.vcxproj", "{6AACC937-3E2B-48B7-B62B-9F55D8F6F62E}"
EndProject
Project("{8BC9CEB8-8B4A-11D0-8D11-00A0C91BC942}") = "Bai121", "Bai121\Bai121.vcxproj", "{342657AE-2D7D-4ABF-9F23-0B50D0D96280}"
EndProject
Project("{8BC9CEB8-8B4A-11D0-8D11-00A0C91BC942}") = "Bai126", "Bai126\Bai126.vcxproj", "{F29A08C4-3226-4C06-ABA1-473ACBBE9B3A}"
EndProject
Project("{8BC9CEB8-8B4A-11D0-8D11-00A0C91BC942}") = "Bai131", "Bai131\Bai131.vcxproj", "{91BD4002-8DB8-4CF4-8141-51ED55D7D4C6}"
EndProject
Project("{8BC9CEB8-8B4A-11D0-8D11-00A0C91BC942}") = "Bai136", "Bai136\Bai136.vcxproj", "{BB6D7764-52D7-480B-834A-ED3CC52CFC45}"
EndProject
Project("{8BC9CEB8-8B4A-11D0-8D11-00A0C91BC942}") = "Bai141", "Bai141\Bai141.vcxproj", "{4F5FD80B-7B2B-4EA1-BAD7-F9D33C0D2B2F}"
EndProject
Project("{8BC9CEB8-8B4A-11D0-8D11-00A0C91BC942}") = "Bai146", "Bai146\Bai146.vcxproj", "{4B56E617-C39B-44D1-AB99-CFE892A0B665}"
EndProject
Project("{8BC9CEB8-8B4A-11D0-8D11-00A0C91BC942}") = "Bai151", "Bai151\Bai151.vcxproj", "{BA108A56-F7A9-4D30-A8B3-2CECEC0F898E}"
EndProject
Project("{8BC9CEB8-8B4A-11D0-8D11-00A0C91BC942}") = "Bai156", "Bai156\Bai156.vcxproj", "{3FF431BC-54A1-4F1E-8CBE-348C51002ED7}"
EndProject
Project("{8BC9CEB8-8B4A-11D0-8D11-00A0C91BC942}") = "Bai161", "Bai161\Bai161.vcxproj", "{8D662448-87CD-46CA-8694-3E2B02F9C810}"
EndProject
Project("{8BC9CEB8-8B4A-11D0-8D11-00A0C91BC942}") = "Bai166", "Bai166\Bai166.vcxproj", "{4AAC9BF2-40DC-4B60-BFCF-B7D3F5225BAA}"
EndProject
Project("{8BC9CEB8-8B4A-11D0-8D11-00A0C91BC942}") = "Bai171", "Bai171\Bai171.vcxproj", "{55D1C08D-E5C0-41A7-BAB2-16D478DFE90B}"
EndProject
Project("{8BC9CEB8-8B4A-11D0-8D11-00A0C91BC942}") = "Bai176", "Bai176\Bai176.vcxproj", "{38901607-FA7D-4EA1-AF55-A5E3B76E07F8}"
EndProject
Project("{8BC9CEB8-8B4A-11D0-8D11-00A0C91BC942}") = "Bai181", "Bai181\Bai181.vcxproj", "{5386AA71-2D6B-4C37-B91A-9E75E8D7CEB9}"
EndProject
Project("{8BC9CEB8-8B4A-11D0-8D11-00A0C91BC942}") = "Bai186", "Bai186\Bai186.vcxproj", "{E930F9AD-C10D-4B58-A9DA-BE3B415C682C}"
EndProject
Project("{8BC9CEB8-8B4A-11D0-8D11-00A0C91BC942}") = "Bai191", "Bai191\Bai191.vcxproj", "{7C8AAE34-929A-4B74-B6DE-B611B69D797A}"
EndProject
Project("{8BC9CEB8-8B4A-11D0-8D11-00A0C91BC942}") = "Bai196", "Bai196\Bai196.vcxproj", "{B146D1FF-E6EA-4A02-8815-B5C45FA4CF4B}"
EndProject
Project("{8BC9CEB8-8B4A-11D0-8D11-00A0C91BC942}") = "Bai201", "Bai201\Bai201.vcxproj", "{7F075ED8-F221-41DD-AA7E-36EE1C5A1B68}"
EndProject
Project("{8BC9CEB8-8B4A-11D0-8D11-00A0C91BC942}") = "Bai206", "Bai206\Bai206.vcxproj", "{068F6E05-58DB-45D4-9B96-7AA6FE0522BE}"
EndProject
Project("{8BC9CEB8-8B4A-11D0-8D11-00A0C91BC942}") = "Bai211", "Bai211\Bai211.vcxproj", "{5FFBE639-D87D-4030-AF71-6ED2F6C91AA8}"
EndProject
Project("{8BC9CEB8-8B4A-11D0-8D11-00A0C91BC942}") = "Bai216", "Bai216\Bai216.vcxproj", "{EDF917D8-7919-41C6-A4B9-7960BA3E429A}"
EndProject
Project("{8BC9CEB8-8B4A-11D0-8D11-00A0C91BC942}") = "Bai221", "Bai221\Bai221.vcxproj", "{9D8AEDD8-12E3-4CD2-9A19-4482C2106F5D}"
EndProject
Project("{8BC9CEB8-8B4A-11D0-8D11-00A0C91BC942}") = "Bai226", "Bai226\Bai226.vcxproj", "{56FBBE29-E403-4CCB-B9FD-273D47BA8DAC}"
EndProject
Project("{8BC9CEB8-8B4A-11D0-8D11-00A0C91BC942}") = "Bai231", "Bai231\Bai231.vcxproj", "{F27080B0-B76A-47D6-B66B-2F4BB309AFC0}"
EndProject
Project("{8BC9CEB8-8B4A-11D0-8D11-00A0C91BC942}") = "Bai236", "Bai236\Bai236.vcxproj", "{F2ABB3D7-A8C8-4D27-B7E0-12BA7D26D530}"
EndProject
Project("{8BC9CEB8-8B4A-11D0-8D11-00A0C91BC942}") = "Bai241", "Bai241\Bai241.vcxproj", "{8B0973DD-35FA-404C-811A-9CE2A7ACCE52}"
EndProject
Project("{8BC9CEB8-8B4A-11D0-8D11-00A0C91BC942}") = "Bai246", "Bai246\Bai246.vcxproj", "{77BEEC1A-3A1A-44E9-9806-B26EC175BDD5}"
EndProject
Project("{8BC9CEB8-8B4A-11D0-8D11-00A0C91BC942}") = "Bai251", "Bai251\Bai251.vcxproj", "{58E2F2BA-41CE-4553-8189-55EEA0F3A8ED}"
EndProject
Project("{8BC9CEB8-8B4A-11D0-8D11-00A0C91BC942}") = "Bai256", "Bai256\Bai256.vcxproj", "{54B68D51-6075-4B74-A67A-2A63689A15BE}"
EndProject
Project("{8BC9CEB8-8B4A-11D0-8D11-00A0C91BC942}") = "Bai261", "Bai261\Bai261.vcxproj", "{FB8655C5-FCB4-460E-B55C-98AF83FD4008}"
EndProject
Project("{8BC9CEB8-8B4A-11D0-8D11-00A0C91BC942}") = "Bai266", "Bai266\Bai266.vcxproj", "{D520D7E9-A007-44A4-913A-D23445356CE4}"
EndProject
Project("{8BC9CEB8-8B4A-11D0-8D11-00A0C91BC942}") = "Bai271", "Bai271\Bai271.vcxproj", "{87668AD2-9658-49B8-94BD-D35BD1B2103B}"
EndProject
Project("{8BC9CEB8-8B4A-11D0-8D11-00A0C91BC942}") = "Bai276", "Bai276\Bai276.vcxproj", "{0EA71E88-027E-4CEF-A715-ACD0A24FDC40}"
EndProject
Project("{8BC9CEB8-8B4A-11D0-8D11-00A0C91BC942}") = "Bai281", "Bai281\Bai281.vcxproj", "{AEFEC051-7A70-45D4-B4D8-8E422AD0AA90}"
EndProject
Project("{8BC9CEB8-8B4A-11D0-8D11-00A0C91BC942}") = "Bai286", "Bai286\Bai286.vcxproj", "{1B4C585D-1E35-44D4-B8D8-F17294C597BC}"
EndProject
Global
	GlobalSection(SolutionConfigurationPlatforms) = preSolution
		Debug|x64 = Debug|x64
		Debug|x86 = Debug|x86
		Release|x64 = Release|x64
		Release|x86 = Release|x86
	EndGlobalSection
	GlobalSection(ProjectConfigurationPlatforms) = postSolution
		{26983B60-AC17-4DEF-B2A5-097D75C6EC4F}.Debug|x64.ActiveCfg = Debug|x64
		{26983B60-AC17-4DEF-B2A5-097D75C6EC4F}.Debug|x64.Build.0 = Debug|x64
		{26983B60-AC17-4DEF-B2A5-097D75C6EC4F}.Debug|x86.ActiveCfg = Debug|Win32
		{26983B60-AC17-4DEF-B2A5-097D75C6EC4F}.Debug|x86.Build.0 = Debug|Win32
		{26983B60-AC17-4DEF-B2A5-097D75C6EC4F}.Release|x64.ActiveCfg = Release|x64
		{26983B60-AC17-4DEF-B2A5-097D75C6EC4F}.Release|x64.Build.0 = Release|x64
		{26983B60-AC17-4DEF-B2A5-097D75C6EC4F}.Release|x86.ActiveCfg = Release|Win32
		{26983B60-AC17-4DEF-B2A5-097D75C6EC4F}.Release|x86.Build.0 = Release|Win32
		{5B7FC859-FFC0-4407-8FE4-87A7C58E82D7}.Debug|x64.ActiveCfg = Debug|x64
		{5B7FC859-FFC0-4407-8FE4-87A7C58E82D7}.Debug|x64.Build.0 = Debug|x64
		{5B7FC859-FFC0-4407-8FE4-87A7C58E82D7}.Debug|x86.ActiveCfg = Debug|Win32
		{5B7FC859-FFC0-4407-8FE4-87A7C58E82D7}.Debug|x86.Build.0 = Debug|Win32
		{5B7FC859-FFC0-4407-8FE4-87A7C58E82D7}.Release|x64.ActiveCfg = Release|x64
		{5B7FC859-FFC0-4407-8FE4-87A7C58E82D7}.Release|x64.Build.0 = Release|x64
		{5B7FC859-FFC0-4407-8FE4-87A7C58E82D7}.Release|x86.ActiveCfg = Release|Win32
		{5B7FC859-FFC0-4407-8FE4-87A7C58E82D7}.Release|x86.Build.0 = Release|Win32
		{40063E95-D281-42F4-8C8D-539A98D48AE1}.Debug|x64.ActiveCfg = Debug|x64
		{40063E95-D281-42F4-8C8D-539A98D48AE1}.Debug|x64.Build.0 = Debug|x64
		{40063E95-D281-42F4-8C8D-539A98D48AE1}.Debug|x86.ActiveCfg = Debug|Win32
		{40063E95-D281-42F4-8C8D-539A98D48AE1}.Debug|x86.Build.0 = Debug|Win32
		{40063E95-D281-42F4-8C8D-539A98D48AE1}.Release|x64.ActiveCfg = Release|x64
		{40063E95-D281-42F4-8C8D-539A98D48AE1}.Release|x64.Build.0 = Release|x64
		{40063E95-D281-42F4-8C8D-539A98D48AE1}.Release|x86.ActiveCfg = Release|Win32
		{40063E95-D281-42F4-8C8D-539A98D48AE1}.Release|x86.Build.0 = Release|Win32
		{688E64F6-E02C-4AC9-971A-96796DEBD88D}.Debug|x64.ActiveCfg = Debug|x64
		{688E64F6-E02C-4AC9-971A-96796DEBD88D}.Debug|x64.Build.0 = Debug|x64
		{688E64F6-E02C-4AC9-971A-96796DEBD88D}.Debug|x86.ActiveCfg = Debug|Win32
		{688E64F6-E02C-4AC9-971A-96796DEBD88D}.Debug|x86.Build.0 = Debug|Win32
		{688E64F6-E02C-4AC9-971A-96796DEBD88D}.Release|x64.ActiveCfg = Release|x64
		{688E64F6-E02C-4AC9-971A-96796DEBD88D}.Release|x64.Build.0 = Release|x64
		{688E64F6-E02C-4AC9-971A-96796DEBD88D}.Release|x86.ActiveCfg = Release|Win32
		{688E64F6-E02C-4AC9-971A-96796DEBD88D}.Release|x86.Build.0 = Release|Win32
		{B5ECDBF6-6F25-4629-A35D-BCE28AF2B931}.Debug|x64.ActiveCfg = Debug|x64
		{B5ECDBF6-6F25-4629-A35D-BCE28AF2B931}.Debug|x64.Build.0 = Debug|x64
		{B5ECDBF6-6F25-4629-A35D-BCE28AF2B931}.Debug|x86.ActiveCfg = Debug|Win32
		{B5ECDBF6-6F25-4629-A35D-BCE28AF2B931}.Debug|x86.Build.0 = Debug|Win32
		{B5ECDBF6-6F25-4629-A35D-BCE28AF2B931}.Release|x64.ActiveCfg = Release|x64
		{B5ECDBF6-6F25-4629-A35D-BCE28AF2B931}.Release|x64.Build.0 = Release|x64
		{B5ECDBF6-6F25-4629-A35D-BCE28AF2B931}.Release|x86.ActiveCfg = Release|Win32
		{B5ECDBF6-6F25-4629-A35D-BCE28AF2B931}.Release|x86.Build.0 = Release|Win32
		{8F87D4E3-22B2-4462-B3F2-72314621C966}.Debug|x64.ActiveCfg = Debug|x64
		{8F87D4E3-22B2-4462-B3F2-72314621C966}.Debug|x64.Build.0 = Debug|x64
		{8F87D4E3-22B2-4462-B3F2-72314621C966}.Debug|x86.ActiveCfg = Debug|Win32
		{8F87D4E3-22B2-4462-B3F2-72314621C966}.Debug|x86.Build.0 = Debug|Win32
		{8F87D4E3-22B2-4462-B3F2-72314621C966}.Release|x64.ActiveCfg = Release|x64
		{8F87D4E3-22B2-4462-B3F2-72314621C966}.Release|x64.Build.0 = Release|x64
		{8F87D4E3-22B2-4462-B3F2-72314621C966}.Release|x86.ActiveCfg = Release|Win32
		{8F87D4E3-22B2-4462-B3F2-72314621C966}.Release|x86.Build.0 = Release|Win32
		{94BE5F45-6639-4856-8D0E-6F056A4C9CFB}.Debug|x64.ActiveCfg = Debug|x64
		{94BE5F45-6639-4856-8D0E-6F056A4C9CFB}.Debug|x64.Build.0 = Debug|x64
		{94BE5F45-6639-4856-8D0E-6F056A4C9CFB}.Debug|x86.ActiveCfg = Debug|Win32
		{94BE5F45-6639-4856-8D0E-6F056A4C9CFB}.Debug|x86.Build.0 = Debug|Win32
		{94BE5F45-6639-4856-8D0E-6F056A4C9CFB}.Release|x64.ActiveCfg = Release|x64
		{94BE5F45-6639-4856-8D0E-6F056A4C9CFB}.Release|x64.Build.0 = Release|x64
		{94BE5F45-6639-4856-8D0E-6F056A4C9CFB}.Release|x86.ActiveCfg = Release|Win32
		{94BE5F45-6639-4856-8D0E-6F056A4C9CFB}.Release|x86.Build.0 = Release|Win32
		{31EE6FC6-4FFB-4BA0-9B19-CF52C57F5666}.Debug|x64.ActiveCfg = Debug|x64
		{31EE6FC6-4FFB-4BA0-9B19-CF52C57F5666}.Debug|x64.Build.0 = Debug|x64
		{31EE6FC6-4FFB-4BA0-9B19-CF52C57F5666}.Debug|x86.ActiveCfg = Debug|Win32
		{31EE6FC6-4FFB-4BA0-9B19-CF52C57F5666}.Debug|x86.Build.0 = Debug|Win32
		{31EE6FC6-4FFB-4BA0-9B19-CF52C57F5666}.Release|x64.ActiveCfg = Release|x64
		{31EE6FC6-4FFB-4BA0-9B19-CF52C57F5666}.Release|x64.Build.0 = Release|x64
		{31EE6FC6-4FFB-4BA0-9B19-CF52C57F5666}.Release|x86.ActiveCfg = Release|Win32
		{31EE6FC6-4FFB-4BA0-9B19-CF52C57F5666}.Release|x86.Build.0 = Release|Win32
		{64DA1EBB-8E91-4D4C-A075-9542825FBC19}.Debug|x64.ActiveCfg = Debug|x64
		{64DA1EBB-8E91-4D4C-A075-9542825FBC19}.Debug|x64.Build.0 = Debug|x64
		{64DA1EBB-8E91-4D4C-A075-9542825FBC19}.Debug|x86.ActiveCfg = Debug|Win32
		{64DA1EBB-8E91-4D4C-A075-9542825FBC19}.Debug|x86.Build.0 = Debug|Win32
		{64DA1EBB-8E91-4D4C-A075-9542825FBC19}.Release|x64.ActiveCfg = Release|x64
		{64DA1EBB-8E91-4D4C-A075-9542825FBC19}.Release|x64.Build.0 = Release|x64
		{64DA1EBB-8E91-4D4C-A075-9542825FBC19}.Release|x86.ActiveCfg = Release|Win32
		{64DA1EBB-8E91-4D4C-A075-9542825FBC19}.Release|x86.Build.0 = Release|Win32
		{35ED3B01-B10B-4D40-9BC2-D56E31DBC8E8}.Debug|x64.ActiveCfg = Debug|x64
		{35ED3B01-B10B-4D40-9BC2-D56E31DBC8E8}.Debug|x64.Build.0 = Debug|x64
		{35ED3B01-B10B-4D40-9BC2-D56E31DBC8E8}.Debug|x86.ActiveCfg = Debug|Win32
		{35ED3B01-B10B-4D40-9BC2-D56E31DBC8E8}.Debug|x86.Build.0 = Debug|Win32
		{35ED3B01-B10B-4D40-9BC2-D56E31DBC8E8}.Release|x64.ActiveCfg = Release|x64
		{35ED3B01-B10B-4D40-9BC2-D56E31DBC8E8}.Release|x64.Build.0 = Release|x64
		{35ED3B01-B10B-4D40-9BC2-D56E31DBC8E8}.Release|x86.ActiveCfg = Release|Win32
		{35ED3B01-B10B-4D40-9BC2-D56E31DBC8E8}.Release|x86.Build.0 = Release|Win32
		{DE9D802C-EF33-4D93-BE19-8576C68EB43C}.Debug|x64.ActiveCfg = Debug|x64
		{DE9D802C-EF33-4D93-BE19-8576C68EB43C}.Debug|x64.Build.0 = Debug|x64
		{DE9D802C-EF33-4D93-BE19-8576C68EB43C}.Debug|x86.ActiveCfg = Debug|Win32
		{DE9D802C-EF33-4D93-BE19-8576C68EB43C}.Debug|x86.Build.0 = Debug|Win32
		{DE9D802C-EF33-4D93-BE19-8576C68EB43C}.Release|x64.ActiveCfg = Release|x64
		{DE9D802C-EF33-4D93-BE19-8576C68EB43C}.Release|x64.Build.0 = Release|x64
		{DE9D802C-EF33-4D93-BE19-8576C68EB43C}.Release|x86.ActiveCfg = Release|Win32
		{DE9D802C-EF33-4D93-BE19-8576C68EB43C}.Release|x86.Build.0 = Release|Win32
		{F74C7059-8CB2-4694-805A-78C417CFF4EF}.Debug|x64.ActiveCfg = Debug|x64
		{F74C7059-8CB2-4694-805A-78C417CFF4EF}.Debug|x64.Build.0 = Debug|x64
		{F74C7059-8CB2-4694-805A-78C417CFF4EF}.Debug|x86.ActiveCfg = Debug|Win32
		{F74C7059-8CB2-4694-805A-78C417CFF4EF}.Debug|x86.Build.0 = Debug|Win32
		{F74C7059-8CB2-4694-805A-78C417CFF4EF}.Release|x64.ActiveCfg = Release|x64
		{F74C7059-8CB2-4694-805A-78C417CFF4EF}.Release|x64.Build.0 = Release|x64
		{F74C7059-8CB2-4694-805A-78C417CFF4EF}.Release|x86.ActiveCfg = Release|Win32
		{F74C7059-8CB2-4694-805A-78C417CFF4EF}.Release|x86.Build.0 = Release|Win32
		{8F0FCB9F-0413-441A-9B9A-3587ADBC58EF}.Debug|x64.ActiveCfg = Debug|x64
		{8F0FCB9F-0413-441A-9B9A-3587ADBC58EF}.Debug|x64.Build.0 = Debug|x64
		{8F0FCB9F-0413-441A-9B9A-3587ADBC58EF}.Debug|x86.ActiveCfg = Debug|Win32
		{8F0FCB9F-0413-441A-9B9A-3587ADBC58EF}.Debug|x86.Build.0 = Debug|Win32
		{8F0FCB9F-0413-441A-9B9A-3587ADBC58EF}.Release|x64.ActiveCfg = Release|x64
		{8F0FCB9F-0413-441A-9B9A-3587ADBC58EF}.Release|x64.Build.0 = Release|x64
		{8F0FCB9F-0413-441A-9B9A-3587ADBC58EF}.Release|x86.ActiveCfg = Release|Win32
		{8F0FCB9F-0413-441A-9B9A-3587ADBC58EF}.Release|x86.Build.0 = Release|Win32
		{1C7A1EAE-6A53-4E24-85F2-2B3962F30219}.Debug|x64.ActiveCfg = Debug|x64
		{1C7A1EAE-6A53-4E24-85F2-2B3962F30219}.Debug|x64.Build.0 = Debug|x64
		{1C7A1EAE-6A53-4E24-85F2-2B3962F30219}.Debug|x86.ActiveCfg = Debug|Win32
		{1C7A1EAE-6A53-4E24-85F2-2B3962F30219}.Debug|x86.Build.0 = Debug|Win32
		{1C7A1EAE-6A53-4E24-85F2-2B3962F30219}.Release|x64.ActiveCfg = Release|x64
		{1C7A1EAE-6A53-4E24-85F2-2B3962F30219}.Release|x64.Build.0 = Release|x64
		{1C7A1EAE-6A53-4E24-85F2-2B3962F30219}.Release|x86.ActiveCfg = Release|Win32
		{1C7A1EAE-6A53-4E24-85F2-2B3962F30219}.Release|x86.Build.0 = Release|Win32
		{7A55FAAD-5730-4103-A32C-3C00001C7998}.Debug|x64.ActiveCfg = Debug|x64
		{7A55FAAD-5730-4103-A32C-3C00001C7998}.Debug|x64.Build.0 = Debug|x64
		{7A55FAAD-5730-4103-A32C-3C00001C7998}.Debug|x86.ActiveCfg = Debug|Win32
		{7A55FAAD-5730-4103-A32C-3C00001C7998}.Debug|x86.Build.0 = Debug|Win32
		{7A55FAAD-5730-4103-A32C-3C00001C7998}.Release|x64.ActiveCfg = Release|x64
		{7A55FAAD-5730-4103-A32C-3C00001C7998}.Release|x64.Build.0 = Release|x64
		{7A55FAAD-5730-4103-A32C-3C00001C7998}.Release|x86.ActiveCfg = Release|Win32
		{7A55FAAD-5730-4103-A32C-3C00001C7998}.Release|x86.Build.0 = Release|Win32
		{B33BD8A3-B680-4FD8-A24B-24ECAF587BB9}.Debug|x64.ActiveCfg = Debug|x64
		{B33BD8A3-B680-4FD8-A24B-24ECAF587BB9}.Debug|x64.Build.0 = Debug|x64
		{B33BD8A3-B680-4FD8-A24B-24ECAF587BB9}.Debug|x86.ActiveCfg = Debug|Win32
		{B33BD8A3-B680-4FD8-A24B-24ECAF587BB9}.Debug|x86.Build.0 = Debug|Win32
		{B33BD8A3-B680-4FD8-A24B-24ECAF587BB9}.Release|x64.ActiveCfg = Release|x64
		{B33BD8A3-B680-4FD8-A24B-24ECAF587BB9}.Release|x64.Build.0 = Release|x64
		{B33BD8A3-B680-4FD8-A24B-24ECAF587BB9}.Release|x86.ActiveCfg = Release|Win32
		{B33BD8A3-B680-4FD8-A24B-24ECAF587BB9}.Release|x86.Build.0 = Release|Win32
		{363C28C7-0896-456D-83D5-68BB32A551CF}.Debug|x64.ActiveCfg = Debug|x64
		{363C28C7-0896-456D-83D5-68BB32A551CF}.Debug|x64.Build.0 = Debug|x64
		{363C28C7-0896-456D-83D5-68BB32A551CF}.Debug|x86.ActiveCfg = Debug|Win32
		{363C28C7-0896-456D-83D5-68BB32A551CF}.Debug|x86.Build.0 = Debug|Win32
		{363C28C7-0896-456D-83D5-68BB32A551CF}.Release|x64.ActiveCfg = Release|x64
		{363C28C7-0896-456D-83D5-68BB32A551CF}.Release|x64.Build.0 = Release|x64
		{363C28C7-0896-456D-83D5-68BB32A551CF}.Release|x86.ActiveCfg = Release|Win32
		{363C28C7-0896-456D-83D5-68BB32A551CF}.Release|x86.Build.0 = Release|Win32
		{7885ECEA-A836-40BB-A8BC-32BF788F49A8}.Debug|x64.ActiveCfg = Debug|x64
		{7885ECEA-A836-40BB-A8BC-32BF788F49A8}.Debug|x64.Build.0 = Debug|x64
		{7885ECEA-A836-40BB-A8BC-32BF788F49A8}.Debug|x86.ActiveCfg = Debug|Win32
		{7885ECEA-A836-40BB-A8BC-32BF788F49A8}.Debug|x86.Build.0 = Debug|Win32
		{7885ECEA-A836-40BB-A8BC-32BF788F49A8}.Release|x64.ActiveCfg = Release|x64
		{7885ECEA-A836-40BB-A8BC-32BF788F49A8}.Release|x64.Build.0 = Release|x64
		{7885ECEA-A836-40BB-A8BC-32BF788F49A8}.Release|x86.ActiveCfg = Release|Win32
		{7885ECEA-A836-40BB-A8BC-32BF788F49A8}.Release|x86.Build.0 = Release|Win32
		{4E6707C1-1A57-465D-8FA6-6D1833FE889A}.Debug|x64.ActiveCfg = Debug|x64
		{4E6707C1-1A57-465D-8FA6-6D1833FE889A}.Debug|x64.Build.0 = Debug|x64
		{4E6707C1-1A57-465D-8FA6-6D1833FE889A}.Debug|x86.ActiveCfg = Debug|Win32
		{4E6707C1-1A57-465D-8FA6-6D1833FE889A}.Debug|x86.Build.0 = Debug|Win32
		{4E6707C1-1A57-465D-8FA6-6D1833FE889A}.Release|x64.ActiveCfg = Release|x64
		{4E6707C1-1A57-465D-8FA6-6D1833FE889A}.Release|x64.Build.0 = Release|x64
		{4E6707C1-1A57-465D-8FA6-6D1833FE889A}.Release|x86.ActiveCfg = Release|Win32
		{4E6707C1-1A57-465D-8FA6-6D1833FE889A}.Release|x86.Build.0 = Release|Win32
		{34C033AE-026B-4B68-A8F5-CCA09A17D6BC}.Debug|x64.ActiveCfg = Debug|x64
		{34C033AE-026B-4B68-A8F5-CCA09A17D6BC}.Debug|x64.Build.0 = Debug|x64
		{34C033AE-026B-4B68-A8F5-CCA09A17D6BC}.Debug|x86.ActiveCfg = Debug|Win32
		{34C033AE-026B-4B68-A8F5-CCA09A17D6BC}.Debug|x86.Build.0 = Debug|Win32
		{34C033AE-026B-4B68-A8F5-CCA09A17D6BC}.Release|x64.ActiveCfg = Release|x64
		{34C033AE-026B-4B68-A8F5-CCA09A17D6BC}.Release|x64.Build.0 = Release|x64
		{34C033AE-026B-4B68-A8F5-CCA09A17D6BC}.Release|x86.ActiveCfg = Release|Win32
		{34C033AE-026B-4B68-A8F5-CCA09A17D6BC}.Release|x86.Build.0 = Release|Win32
		{B55A9999-C7EA-465B-AAD9-DC5C21A5EF39}.Debug|x64.ActiveCfg = Debug|x64
		{B55A9999-C7EA-465B-AAD9-DC5C21A5EF39}.Debug|x64.Build.0 = Debug|x64
		{B55A9999-C7EA-465B-AAD9-DC5C21A5EF39}.Debug|x86.ActiveCfg = Debug|Win32
		{B55A9999-C7EA-465B-AAD9-DC5C21A5EF39}.Debug|x86.Build.0 = Debug|Win32
		{B55A9999-C7EA-465B-AAD9-DC5C21A5EF39}.Release|x64.ActiveCfg = Release|x64
		{B55A9999-C7EA-465B-AAD9-DC5C21A5EF39}.Release|x64.Build.0 = Release|x64
		{B55A9999-C7EA-465B-AAD9-DC5C21A5EF39}.Release|x86.ActiveCfg = Release|Win32
		{B55A9999-C7EA-465B-AAD9-DC5C21A5EF39}.Release|x86.Build.0 = Release|Win32
		{17603F13-97D3-4F60-8898-97CE8C321CE4}.Debug|x64.ActiveCfg = Debug|x64
		{17603F13-97D3-4F60-8898-97CE8C321CE4}.Debug|x64.Build.0 = Debug|x64
		{17603F13-97D3-4F60-8898-97CE8C321CE4}.Debug|x86.ActiveCfg = Debug|Win32
		{17603F13-97D3-4F60-8898-97CE8C321CE4}.Debug|x86.Build.0 = Debug|Win32
		{17603F13-97D3-4F60-8898-97CE8C321CE4}.Release|x64.ActiveCfg = Release|x64
		{17603F13-97D3-4F60-8898-97CE8C321CE4}.Release|x64.Build.0 = Release|x64
		{17603F13-97D3-4F60-8898-97CE8C321CE4}.Release|x86.ActiveCfg = Release|Win32
		{17603F13-97D3-4F60-8898-97CE8C321CE4}.Release|x86.Build.0 = Release|Win32
		{8EA118F0-99F4-4C9C-8D07-1BE61EFF4B61}.Debug|x64.ActiveCfg = Debug|x64
		{8EA118F0-99F4-4C9C-8D07-1BE61EFF4B61}.Debug|x64.Build.0 = Debug|x64
		{8EA118F0-99F4-4C9C-8D07-1BE61EFF4B61}.Debug|x86.ActiveCfg = Debug|Win32
		{8EA118F0-99F4-4C9C-8D07-1BE61EFF4B61}.Debug|x86.Build.0 = Debug|Win32
		{8EA118F0-99F4-4C9C-8D07-1BE61EFF4B61}.Release|x64.ActiveCfg = Release|x64
		{8EA118F0-99F4-4C9C-8D07-1BE61EFF4B61}.Release|x64.Build.0 = Release|x64
		{8EA118F0-99F4-4C9C-8D07-1BE61EFF4B61}.Release|x86.ActiveCfg = Release|Win32
		{8EA118F0-99F4-4C9C-8D07-1BE61EFF4B61}.Release|x86.Build.0 = Release|Win32
		{F539F8B5-F036-4E6E-A85C-90B38A52DA22}.Debug|x64.ActiveCfg = Debug|x64
		{F539F8B5-F036-4E6E-A85C-90B38A52DA22}.Debug|x64.Build.0 = Debug|x64
		{F539F8B5-F036-4E6E-A85C-90B38A52DA22}.Debug|x86.ActiveCfg = Debug|Win32
		{F539F8B5-F036-4E6E-A85C-90B38A52DA22}.Debug|x86.Build.0 = Debug|Win32
		{F539F8B5-F036-4E6E-A85C-90B38A52DA22}.Release|x64.ActiveCfg = Release|x64
		{F539F8B5-F036-4E6E-A85C-90B38A52DA22}.Release|x64.Build.0 = Release|x64
		{F539F8B5-F036-4E6E-A85C-90B38A52DA22}.Release|x86.ActiveCfg = Release|Win32
		{F539F8B5-F036-4E6E-A85C-90B38A52DA22}.Release|x86.Build.0 = Release|Win32
		{83EB5550-053A-4D18-9214-5051145203D7}.Debug|x64.ActiveCfg = Debug|x64
		{83EB5550-053A-4D18-9214-5051145203D7}.Debug|x64.Build.0 = Debug|x64
		{83EB5550-053A-4D18-9214-5051145203D7}.Debug|x86.ActiveCfg = Debug|Win32
		{83EB5550-053A-4D18-9214-5051145203D7}.Debug|x86.Build.0 = Debug|Win32
		{83EB5550-053A-4D18-9214-5051145203D7}.Release|x64.ActiveCfg = Release|x64
		{83EB5550-053A-4D18-9214-5051145203D7}.Release|x64.Build.0 = Release|x64
		{83EB5550-053A-4D18-9214-5051145203D7}.Release|x86.ActiveCfg = Release|Win32
		{83EB5550-053A-4D18-9214-5051145203D7}.Release|x86.Build.0 = Release|Win32
		{E1BE8CE3-A168-4A3F-9E6D-A6776D4F0572}.Debug|x64.ActiveCfg = Debug|x64
		{E1BE8CE3-A168-4A3F-9E6D-A6776D4F0572}.Debug|x64.Build.0 = Debug|x64
		{E1BE8CE3-A168-4A3F-9E6D-A6776D4F0572}.Debug|x86.ActiveCfg = Debug|Win32
		{E1BE8CE3-A168-4A3F-9E6D-A6776D4F0572}.Debug|x86.Build.0 = Debug|Win32
		{E1BE8CE3-A168-4A3F-9E6D-A6776D4F0572}.Release|x64.ActiveCfg = Release|x64
		{E1BE8CE3-A168-4A3F-9E6D-A6776D4F0572}.Release|x64.Build.0 = Release|x64
		{E1BE8CE3-A168-4A3F-9E6D-A6776D4F0572}.Release|x86.ActiveCfg = Release|Win32
		{E1BE8CE3-A168-4A3F-9E6D-A6776D4F0572}.Release|x86.Build.0 = Release|Win32
		{8D6473EF-57BA-4368-A8F7-7A98FB09C878}.Debug|x64.ActiveCfg = Debug|x64
		{8D6473EF-57BA-4368-A8F7-7A98FB09C878}.Debug|x64.Build.0 = Debug|x64
		{8D6473EF-57BA-4368-A8F7-7A98FB09C878}.Debug|x86.ActiveCfg = Debug|Win32
		{8D6473EF-57BA-4368-A8F7-7A98FB09C878}.Debug|x86.Build.0 = Debug|Win32
		{8D6473EF-57BA-4368-A8F7-7A98FB09C878}.Release|x64.ActiveCfg = Release|x64
		{8D6473EF-57BA-4368-A8F7-7A98FB09C878}.Release|x64.Build.0 = Release|x64
		{8D6473EF-57BA-4368-A8F7-7A98FB09C878}.Release|x86.ActiveCfg = Release|Win32
		{8D6473EF-57BA-4368-A8F7-7A98FB09C878}.Release|x86.Build.0 = Release|Win32
		{A6FEAEE6-03EB-4331-8376-4F96EC7322A7}.Debug|x64.ActiveCfg = Debug|x64
		{A6FEAEE6-03EB-4331-8376-4F96EC7322A7}.Debug|x64.Build.0 = Debug|x64
		{A6FEAEE6-03EB-4331-8376-4F96EC7322A7}.Debug|x86.ActiveCfg = Debug|Win32
		{A6FEAEE6-03EB-4331-8376-4F96EC7322A7}.Debug|x86.Build.0 = Debug|Win32
		{A6FEAEE6-03EB-4331-8376-4F96EC7322A7}.Release|x64.ActiveCfg = Release|x64
		{A6FEAEE6-03EB-4331-8376-4F96EC7322A7}.Release|x64.Build.0 = Release|x64
		{A6FEAEE6-03EB-4331-8376-4F96EC7322A7}.Release|x86.ActiveCfg = Release|Win32
		{A6FEAEE6-03EB-4331-8376-4F96EC7322A7}.Release|x86.Build.0 = Release|Win32
		{6AACC937-3E2B-48B7-B62B-9F55D8F6F62E}.Debug|x64.ActiveCfg = Debug|x64
		{6AACC937-3E2B-48B7-B62B-9F55D8F6F62E}.Debug|x64.Build.0 = Debug|x64
		{6AACC937-3E2B-48B7-B62B-9F55D8F6F62E}.Debug|x86.ActiveCfg = Debug|Win32
		{6AACC937-3E2B-48B7-B62B-9F55D8F6F62E}.Debug|x86.Build.0 = Debug|Win32
		{6AACC937-3E2B-48B7-B62B-9F55D8F6F62E}.Release|x64.ActiveCfg = Release|x64
		{6AACC937-3E2B-48B7-B62B-9F55D8F6F62E}.Release|x64.Build.0 = Release|x64
		{6AACC937-3E2B-48B7-B62B-9F55D8F6F62E}.Release|x86.ActiveCfg = Release|Win32
		{6AACC937-3E2B-48B7-B62B-9F55D8F6F62E}.Release|x86.Build.0 = Release|Win32
		{342657AE-2D7D-4ABF-9F23-0B50D0D96280}.Debug|x64.ActiveCfg = Debug|x64
		{342657AE-2D7D-4ABF-9F23-0B50D0D96280}.Debug|x64.Build.0 = Debug|x64
		{342657AE-2D7D-4ABF-9F23-0B50D0D96280}.Debug|x86.ActiveCfg = Debug|Win32
		{342657AE-2D7D-4ABF-9F23-0B50D0D96280}.Debug|x86.Build.0 = Debug|Win32
		{342657AE-2D7D-4ABF-9F23-0B50D0D96280}.Release|x64.ActiveCfg = Release|x64
		{342657AE-2D7D-4ABF-9F23-0B50D0D96280}.Release|x64.Build.0 = Release|x64
		{342657AE-2D7D-4ABF-9F23-0B50D0D96280}.Release|x86.ActiveCfg = Release|Win32
		{342657AE-2D7D-4ABF-9F23-0B50D0D96280}.Release|x86.Build.0 = Release|Win32
		{F29A08C4-3226-4C06-ABA1-473ACBBE9B3A}.Debug|x64.ActiveCfg = Debug|x64
		{F29A08C4-3226-4C06-ABA1-473ACBBE9B3A}.Debug|x64.Build.0 = Debug|x64
		{F29A08C4-3226-4C06-ABA1-473ACBBE9B3A}.Debug|x86.ActiveCfg = Debug|Win32
		{F29A08C4-3226-4C06-ABA1-473ACBBE9B3A}.Debug|x86.Build.0 = Debug|Win32
		{F29A08C4-3226-4C06-ABA1-473ACBBE9B3A}.Release|x64.ActiveCfg = Release|x64
		{F29A08C4-3226-4C06-ABA1-473ACBBE9B3A}.Release|x64.Build.0 = Release|x64
		{F29A08C4-3226-4C06-ABA1-473ACBBE9B3A}.Release|x86.ActiveCfg = Release|Win32
		{F29A08C4-3226-4C06-ABA1-473ACBBE9B3A}.Release|x86.Build.0 = Release|Win32
		{91BD4002-8DB8-4CF4-8141-51ED55D7D4C6}.Debug|x64.ActiveCfg = Debug|x64
		{91BD4002-8DB8-4CF4-8141-51ED55D7D4C6}.Debug|x64.Build.0 = Debug|x64
		{91BD4002-8DB8-4CF4-8141-51ED55D7D4C6}.Debug|x86.ActiveCfg = Debug|Win32
		{91BD4002-8DB8-4CF4-8141-51ED55D7D4C6}.Debug|x86.Build.0 = Debug|Win32
		{91BD4002-8DB8-4CF4-8141-51ED55D7D4C6}.Release|x64.ActiveCfg = Release|x64
		{91BD4002-8DB8-4CF4-8141-51ED55D7D4C6}.Release|x64.Build.0 = Release|x64
		{91BD4002-8DB8-4CF4-8141-51ED55D7D4C6}.Release|x86.ActiveCfg = Release|Win32
		{91BD4002-8DB8-4CF4-8141-51ED55D7D4C6}.Release|x86.Build.0 = Release|Win32
		{BB6D7764-52D7-480B-834A-ED3CC52CFC45}.Debug|x64.ActiveCfg = Debug|x64
		{BB6D7764-52D7-480B-834A-ED3CC52CFC45}.Debug|x64.Build.0 = Debug|x64
		{BB6D7764-52D7-480B-834A-ED3CC52CFC45}.Debug|x86.ActiveCfg = Debug|Win32
		{BB6D7764-52D7-480B-834A-ED3CC52CFC45}.Debug|x86.Build.0 = Debug|Win32
		{BB6D7764-52D7-480B-834A-ED3CC52CFC45}.Release|x64.ActiveCfg = Release|x64
		{BB6D7764-52D7-480B-834A-ED3CC52CFC45}.Release|x64.Build.0 = Release|x64
		{BB6D7764-52D7-480B-834A-ED3CC52CFC45}.Release|x86.ActiveCfg = Release|Win32
		{BB6D7764-52D7-480B-834A-ED3CC52CFC45}.Release|x86.Build.0 = Release|Win32
		{4F5FD80B-7B2B-4EA1-BAD7-F9D33C0D2B2F}.Debug|x64.ActiveCfg = Debug|x64
		{4F5FD80B-7B2B-4EA1-BAD7-F9D33C0D2B2F}.Debug|x64.Build.0 = Debug|x64
		{4F5FD80B-7B2B-4EA1-BAD7-F9D33C0D2B2F}.Debug|x86.ActiveCfg = Debug|Win32
		{4F5FD80B-7B2B-4EA1-BAD7-F9D33C0D2B2F}.Debug|x86.Build.0 = Debug|Win32
		{4F5FD80B-7B2B-4EA1-BAD7-F9D33C0D2B2F}.Release|x64.ActiveCfg = Release|x64
		{4F5FD80B-7B2B-4EA1-BAD7-F9D33C0D2B2F}.Release|x64.Build.0 = Release|x64
		{4F5FD80B-7B2B-4EA1-BAD7-F9D33C0D2B2F}.Release|x86.ActiveCfg = Release|Win32
		{4F5FD80B-7B2B-4EA1-BAD7-F9D33C0D2B2F}.Release|x86.Build.0 = Release|Win32
		{4B56E617-C39B-44D1-AB99-CFE892A0B665}.Debug|x64.ActiveCfg = Debug|x64
		{4B56E617-C39B-44D1-AB99-CFE892A0B665}.Debug|x64.Build.0 = Debug|x64
		{4B56E617-C39B-44D1-AB99-CFE892A0B665}.Debug|x86.ActiveCfg = Debug|Win32
		{4B56E617-C39B-44D1-AB99-CFE892A0B665}.Debug|x86.Build.0 = Debug|Win32
		{4B56E617-C39B-44D1-AB99-CFE892A0B665}.Release|x64.ActiveCfg = Release|x64
		{4B56E617-C39B-44D1-AB99-CFE892A0B665}.Release|x64.Build.0 = Release|x64
		{4B56E617-C39B-44D1-AB99-CFE892A0B665}.Release|x86.ActiveCfg = Release|Win32
		{4B56E617-C39B-44D1-AB99-CFE892A0B665}.Release|x86.Build.0 = Release|Win32
		{BA108A56-F7A9-4D30-A8B3-2CECEC0F898E}.Debug|x64.ActiveCfg = Debug|x64
		{BA108A56-F7A9-4D30-A8B3-2CECEC0F898E}.Debug|x64.Build.0 = Debug|x64
		{BA108A56-F7A9-4D30-A8B3-2CECEC0F898E}.Debug|x86.ActiveCfg = Debug|Win32
		{BA108A56-F7A9-4D30-A8B3-2CECEC0F898E}.Debug|x86.Build.0 = Debug|Win32
		{BA108A56-F7A9-4D30-A8B3-2CECEC0F898E}.Release|x64.ActiveCfg = Release|x64
		{BA108A56-F7A9-4D30-A8B3-2CECEC0F898E}.Release|x64.Build.0 = Release|x64
		{BA108A56-F7A9-4D30-A8B3-2CECEC0F898E}.Release|x86.ActiveCfg = Release|Win32
		{BA108A56-F7A9-4D30-A8B3-2CECEC0F898E}.Release|x86.Build.0 = Release|Win32
		{3FF431BC-54A1-4F1E-8CBE-348C51002ED7}.Debug|x64.ActiveCfg = Debug|x64
		{3FF431BC-54A1-4F1E-8CBE-348C51002ED7}.Debug|x64.Build.0 = Debug|x64
		{3FF431BC-54A1-4F1E-8CBE-348C51002ED7}.Debug|x86.ActiveCfg = Debug|Win32
		{3FF431BC-54A1-4F1E-8CBE-348C51002ED7}.Debug|x86.Build.0 = Debug|Win32
		{3FF431BC-54A1-4F1E-8CBE-348C51002ED7}.Release|x64.ActiveCfg = Release|x64
		{3FF431BC-54A1-4F1E-8CBE-348C51002ED7}.Release|x64.Build.0 = Release|x64
		{3FF431BC-54A1-4F1E-8CBE-348C51002ED7}.Release|x86.ActiveCfg = Release|Win32
		{3FF431BC-54A1-4F1E-8CBE-348C51002ED7}.Release|x86.Build.0 = Release|Win32
		{8D662448-87CD-46CA-8694-3E2B02F9C810}.Debug|x64.ActiveCfg = Debug|x64
		{8D662448-87CD-46CA-8694-3E2B02F9C810}.Debug|x64.Build.0 = Debug|x64
		{8D662448-87CD-46CA-8694-3E2B02F9C810}.Debug|x86.ActiveCfg = Debug|Win32
		{8D662448-87CD-46CA-8694-3E2B02F9C810}.Debug|x86.Build.0 = Debug|Win32
		{8D662448-87CD-46CA-8694-3E2B02F9C810}.Release|x64.ActiveCfg = Release|x64
		{8D662448-87CD-46CA-8694-3E2B02F9C810}.Release|x64.Build.0 = Release|x64
		{8D662448-87CD-46CA-8694-3E2B02F9C810}.Release|x86.ActiveCfg = Release|Win32
		{8D662448-87CD-46CA-8694-3E2B02F9C810}.Release|x86.Build.0 = Release|Win32
		{4AAC9BF2-40DC-4B60-BFCF-B7D3F5225BAA}.Debug|x64.ActiveCfg = Debug|x64
		{4AAC9BF2-40DC-4B60-BFCF-B7D3F5225BAA}.Debug|x64.Build.0 = Debug|x64
		{4AAC9BF2-40DC-4B60-BFCF-B7D3F5225BAA}.Debug|x86.ActiveCfg = Debug|Win32
		{4AAC9BF2-40DC-4B60-BFCF-B7D3F5225BAA}.Debug|x86.Build.0 = Debug|Win32
		{4AAC9BF2-40DC-4B60-BFCF-B7D3F5225BAA}.Release|x64.ActiveCfg = Release|x64
		{4AAC9BF2-40DC-4B60-BFCF-B7D3F5225BAA}.Release|x64.Build.0 = Release|x64
		{4AAC9BF2-40DC-4B60-BFCF-B7D3F5225BAA}.Release|x86.ActiveCfg = Release|Win32
		{4AAC9BF2-40DC-4B60-BFCF-B7D3F5225BAA}.Release|x86.Build.0 = Release|Win32
		{55D1C08D-E5C0-41A7-BAB2-16D478DFE90B}.Debug|x64.ActiveCfg = Debug|x64
		{55D1C08D-E5C0-41A7-BAB2-16D478DFE90B}.Debug|x64.Build.0 = Debug|x64
		{55D1C08D-E5C0-41A7-BAB2-16D478DFE90B}.Debug|x86.ActiveCfg = Debug|Win32
		{55D1C08D-E5C0-41A7-BAB2-16D478DFE90B}.Debug|x86.Build.0 = Debug|Win32
		{55D1C08D-E5C0-41A7-BAB2-16D478DFE90B}.Release|x64.ActiveCfg = Release|x64
		{55D1C08D-E5C0-41A7-BAB2-16D478DFE90B}.Release|x64.Build.0 = Release|x64
		{55D1C08D-E5C0-41A7-BAB2-16D478DFE90B}.Release|x86.ActiveCfg = Release|Win32
		{55D1C08D-E5C0-41A7-BAB2-16D478DFE90B}.Release|x86.Build.0 = Release|Win32
		{38901607-FA7D-4EA1-AF55-A5E3B76E07F8}.Debug|x64.ActiveCfg = Debug|x64
		{38901607-FA7D-4EA1-AF55-A5E3B76E07F8}.Debug|x64.Build.0 = Debug|x64
		{38901607-FA7D-4EA1-AF55-A5E3B76E07F8}.Debug|x86.ActiveCfg = Debug|Win32
		{38901607-FA7D-4EA1-AF55-A5E3B76E07F8}.Debug|x86.Build.0 = Debug|Win32
		{38901607-FA7D-4EA1-AF55-A5E3B76E07F8}.Release|x64.ActiveCfg = Release|x64
		{38901607-FA7D-4EA1-AF55-A5E3B76E07F8}.Release|x64.Build.0 = Release|x64
		{38901607-FA7D-4EA1-AF55-A5E3B76E07F8}.Release|x86.ActiveCfg = Release|Win32
		{38901607-FA7D-4EA1-AF55-A5E3B76E07F8}.Release|x86.Build.0 = Release|Win32
		{5386AA71-2D6B-4C37-B91A-9E75E8D7CEB9}.Debug|x64.ActiveCfg = Debug|x64
		{5386AA71-2D6B-4C37-B91A-9E75E8D7CEB9}.Debug|x64.Build.0 = Debug|x64
		{5386AA71-2D6B-4C37-B91A-9E75E8D7CEB9}.Debug|x86.ActiveCfg = Debug|Win32
		{5386AA71-2D6B-4C37-B91A-9E75E8D7CEB9}.Debug|x86.Build.0 = Debug|Win32
		{5386AA71-2D6B-4C37-B91A-9E75E8D7CEB9}.Release|x64.ActiveCfg = Release|x64
		{5386AA71-2D6B-4C37-B91A-9E75E8D7CEB9}.Release|x64.Build.0 = Release|x64
		{5386AA71-2D6B-4C37-B91A-9E75E8D7CEB9}.Release|x86.ActiveCfg = Release|Win32
		{5386AA71-2D6B-4C37-B91A-9E75E8D7CEB9}.Release|x86.Build.0 = Release|Win32
		{E930F9AD-C10D-4B58-A9DA-BE3B415C682C}.Debug|x64.ActiveCfg = Debug|x64
		{E930F9AD-C10D-4B58-A9DA-BE3B415C682C}.Debug|x64.Build.0 = Debug|x64
		{E930F9AD-C10D-4B58-A9DA-BE3B415C682C}.Debug|x86.ActiveCfg = Debug|Win32
		{E930F9AD-C10D-4B58-A9DA-BE3B415C682C}.Debug|x86.Build.0 = Debug|Win32
		{E930F9AD-C10D-4B58-A9DA-BE3B415C682C}.Release|x64.ActiveCfg = Release|x64
		{E930F9AD-C10D-4B58-A9DA-BE3B415C682C}.Release|x64.Build.0 = Release|x64
		{E930F9AD-C10D-4B58-A9DA-BE3B415C682C}.Release|x86.ActiveCfg = Release|Win32
		{E930F9AD-C10D-4B58-A9DA-BE3B415C682C}.Release|x86.Build.0 = Release|Win32
		{7C8AAE34-929A-4B74-B6DE-B611B69D797A}.Debug|x64.ActiveCfg = Debug|x64
		{7C8AAE34-929A-4B74-B6DE-B611B69D797A}.Debug|x64.Build.0 = Debug|x64
		{7C8AAE34-929A-4B74-B6DE-B611B69D797A}.Debug|x86.ActiveCfg = Debug|Win32
		{7C8AAE34-929A-4B74-B6DE-B611B69D797A}.Debug|x86.Build.0 = Debug|Win32
		{7C8AAE34-929A-4B74-B6DE-B611B69D797A}.Release|x64.ActiveCfg = Release|x64
		{7C8AAE34-929A-4B74-B6DE-B611B69D797A}.Release|x64.Build.0 = Release|x64
		{7C8AAE34-929A-4B74-B6DE-B611B69D797A}.Release|x86.ActiveCfg = Release|Win32
		{7C8AAE34-929A-4B74-B6DE-B611B69D797A}.Release|x86.Build.0 = Release|Win32
		{B146D1FF-E6EA-4A02-8815-B5C45FA4CF4B}.Debug|x64.ActiveCfg = Debug|x64
		{B146D1FF-E6EA-4A02-8815-B5C45FA4CF4B}.Debug|x64.Build.0 = Debug|x64
		{B146D1FF-E6EA-4A02-8815-B5C45FA4CF4B}.Debug|x86.ActiveCfg = Debug|Win32
		{B146D1FF-E6EA-4A02-8815-B5C45FA4CF4B}.Debug|x86.Build.0 = Debug|Win32
		{B146D1FF-E6EA-4A02-8815-B5C45FA4CF4B}.Release|x64.ActiveCfg = Release|x64
		{B146D1FF-E6EA-4A02-8815-B5C45FA4CF4B}.Release|x64.Build.0 = Release|x64
		{B146D1FF-E6EA-4A02-8815-B5C45FA4CF4B}.Release|x86.ActiveCfg = Release|Win32
		{B146D1FF-E6EA-4A02-8815-B5C45FA4CF4B}.Release|x86.Build.0 = Release|Win32
		{7F075ED8-F221-41DD-AA7E-36EE1C5A1B68}.Debug|x64.ActiveCfg = Debug|x64
		{7F075ED8-F221-41DD-AA7E-36EE1C5A1B68}.Debug|x64.Build.0 = Debug|x64
		{7F075ED8-F221-41DD-AA7E-36EE1C5A1B68}.Debug|x86.ActiveCfg = Debug|Win32
		{7F075ED8-F221-41DD-AA7E-36EE1C5A1B68}.Debug|x86.Build.0 = Debug|Win32
		{7F075ED8-F221-41DD-AA7E-36EE1C5A1B68}.Release|x64.ActiveCfg = Release|x64
		{7F075ED8-F221-41DD-AA7E-36EE1C5A1B68}.Release|x64.Build.0 = Release|x64
		{7F075ED8-F221-41DD-AA7E-36EE1C5A1B68}.Release|x86.ActiveCfg = Release|Win32
		{7F075ED8-F221-41DD-AA7E-36EE1C5A1B68}.Release|x86.Build.0 = Release|Win32
		{068F6E05-58DB-45D4-9B96-7AA6FE0522BE}.Debug|x64.ActiveCfg = Debug|x64
		{068F6E05-58DB-45D4-9B96-7AA6FE0522BE}.Debug|x64.Build.0 = Debug|x64
		{068F6E05-58DB-45D4-9B96-7AA6FE0522BE}.Debug|x86.ActiveCfg = Debug|Win32
		{068F6E05-58DB-45D4-9B96-7AA6FE0522BE}.Debug|x86.Build.0 = Debug|Win32
		{068F6E05-58DB-45D4-9B96-7AA6FE0522BE}.Release|x64.ActiveCfg = Release|x64
		{068F6E05-58DB-45D4-9B96-7AA6FE0522BE}.Release|x64.Build.0 = Release|x64
		{068F6E05-58DB-45D4-9B96-7AA6FE0522BE}.Release|x86.ActiveCfg = Release|Win32
		{068F6E05-58DB-45D4-9B96-7AA6FE0522BE}.Release|x86.Build.0 = Release|Win32
		{5FFBE639-D87D-4030-AF71-6ED2F6C91AA8}.Debug|x64.ActiveCfg = Debug|x64
		{5FFBE639-D87D-4030-AF71-6ED2F6C91AA8}.Debug|x64.Build.0 = Debug|x64
		{5FFBE639-D87D-4030-AF71-6ED2F6C91AA8}.Debug|x86.ActiveCfg = Debug|Win32
		{5FFBE639-D87D-4030-AF71-6ED2F6C91AA8}.Debug|x86.Build.0 = Debug|Win32
		{5FFBE639-D87D-4030-AF71-6ED2F6C91AA8}.Release|x64.ActiveCfg = Release|x64
		{5FFBE639-D87D-4030-AF71-6ED2F6C91AA8}.Release|x64.Build.0 = Release|x64
		{5FFBE639-D87D-4030-AF71-6ED2F6C91AA8}.Release|x86.ActiveCfg = Release|Win32
		{5FFBE639-D87D-4030-AF71-6ED2F6C91AA8}.Release|x86.Build.0 = Release|Win32
		{EDF917D8-7919-41C6-A4B9-7960BA3E429A}.Debug|x64.ActiveCfg = Debug|x64
		{EDF917D8-7919-41C6-A4B9-7960BA3E429A}.Debug|x64.Build.0 = Debug|x64
		{EDF917D8-7919-41C6-A4B9-7960BA3E429A}.Debug|x86.ActiveCfg = Debug|Win32
		{EDF917D8-7919-41C6-A4B9-7960BA3E429A}.Debug|x86.Build.0 = Debug|Win32
		{EDF917D8-7919-41C6-A4B9-7960BA3E429A}.Release|x64.ActiveCfg = Release|x64
		{EDF917D8-7919-41C6-A4B9-7960BA3E429A}.Release|x64.Build.0 = Release|x64
		{EDF917D8-7919-41C6-A4B9-7960BA3E429A}.Release|x86.ActiveCfg = Release|Win32
		{EDF917D8-7919-41C6-A4B9-7960BA3E429A}.Release|x86.Build.0 = Release|Win32
		{9D8AEDD8-12E3-4CD2-9A19-4482C2106F5D}.Debug|x64.ActiveCfg = Debug|x64
		{9D8AEDD8-12E3-4CD2-9A19-4482C2106F5D}.Debug|x64.Build.0 = Debug|x64
		{9D8AEDD8-12E3-4CD2-9A19-4482C2106F5D}.Debug|x86.ActiveCfg = Debug|Win32
		{9D8AEDD8-12E3-4CD2-9A19-4482C2106F5D}.Debug|x86.Build.0 = Debug|Win32
		{9D8AEDD8-12E3-4CD2-9A19-4482C2106F5D}.Release|x64.ActiveCfg = Release|x64
		{9D8AEDD8-12E3-4CD2-9A19-4482C2106F5D}.Release|x64.Build.0 = Release|x64
		{9D8AEDD8-12E3-4CD2-9A19-4482C2106F5D}.Release|x86.ActiveCfg = Release|Win32
		{9D8AEDD8-12E3-4CD2-9A19-4482C2106F5D}.Release|x86.Build.0 = Release|Win32
		{56FBBE29-E403-4CCB-B9FD-273D47BA8DAC}.Debug|x64.ActiveCfg = Debug|x64
		{56FBBE29-E403-4CCB-B9FD-273D47BA8DAC}.Debug|x64.Build.0 = Debug|x64
		{56FBBE29-E403-4CCB-B9FD-273D47BA8DAC}.Debug|x86.ActiveCfg = Debug|Win32
		{56FBBE29-E403-4CCB-B9FD-273D47BA8DAC}.Debug|x86.Build.0 = Debug|Win32
		{56FBBE29-E403-4CCB-B9FD-273D47BA8DAC}.Release|x64.ActiveCfg = Release|x64
		{56FBBE29-E403-4CCB-B9FD-273D47BA8DAC}.Release|x64.Build.0 = Release|x64
		{56FBBE29-E403-4CCB-B9FD-273D47BA8DAC}.Release|x86.ActiveCfg = Release|Win32
		{56FBBE29-E403-4CCB-B9FD-273D47BA8DAC}.Release|x86.Build.0 = Release|Win32
		{F27080B0-B76A-47D6-B66B-2F4BB309AFC0}.Debug|x64.ActiveCfg = Debug|x64
		{F27080B0-B76A-47D6-B66B-2F4BB309AFC0}.Debug|x64.Build.0 = Debug|x64
		{F27080B0-B76A-47D6-B66B-2F4BB309AFC0}.Debug|x86.ActiveCfg = Debug|Win32
		{F27080B0-B76A-47D6-B66B-2F4BB309AFC0}.Debug|x86.Build.0 = Debug|Win32
		{F27080B0-B76A-47D6-B66B-2F4BB309AFC0}.Release|x64.ActiveCfg = Release|x64
		{F27080B0-B76A-47D6-B66B-2F4BB309AFC0}.Release|x64.Build.0 = Release|x64
		{F27080B0-B76A-47D6-B66B-2F4BB309AFC0}.Release|x86.ActiveCfg = Release|Win32
		{F27080B0-B76A-47D6-B66B-2F4BB309AFC0}.Release|x86.Build.0 = Release|Win32
		{F2ABB3D7-A8C8-4D27-B7E0-12BA7D26D530}.Debug|x64.ActiveCfg = Debug|x64
		{F2ABB3D7-A8C8-4D27-B7E0-12BA7D26D530}.Debug|x64.Build.0 = Debug|x64
		{F2ABB3D7-A8C8-4D27-B7E0-12BA7D26D530}.Debug|x86.ActiveCfg = Debug|Win32
		{F2ABB3D7-A8C8-4D27-B7E0-12BA7D26D530}.Debug|x86.Build.0 = Debug|Win32
		{F2ABB3D7-A8C8-4D27-B7E0-12BA7D26D530}.Release|x64.ActiveCfg = Release|x64
		{F2ABB3D7-A8C8-4D27-B7E0-12BA7D26D530}.Release|x64.Build.0 = Release|x64
		{F2ABB3D7-A8C8-4D27-B7E0-12BA7D26D530}.Release|x86.ActiveCfg = Release|Win32
		{F2ABB3D7-A8C8-4D27-B7E0-12BA7D26D530}.Release|x86.Build.0 = Release|Win32
		{8B0973DD-35FA-404C-811A-9CE2A7ACCE52}.Debug|x64.ActiveCfg = Debug|x64
		{8B0973DD-35FA-404C-811A-9CE2A7ACCE52}.Debug|x64.Build.0 = Debug|x64
		{8B0973DD-35FA-404C-811A-9CE2A7ACCE52}.Debug|x86.ActiveCfg = Debug|Win32
		{8B0973DD-35FA-404C-811A-9CE2A7ACCE52}.Debug|x86.Build.0 = Debug|Win32
		{8B0973DD-35FA-404C-811A-9CE2A7ACCE52}.Release|x64.ActiveCfg = Release|x64
		{8B0973DD-35FA-404C-811A-9CE2A7ACCE52}.Release|x64.Build.0 = Release|x64
		{8B0973DD-35FA-404C-811A-9CE2A7ACCE52}.Release|x86.ActiveCfg = Release|Win32
		{8B0973DD-35FA-404C-811A-9CE2A7ACCE52}.Release|x86.Build.0 = Release|Win32
		{77BEEC1A-3A1A-44E9-9806-B26EC175BDD5}.Debug|x64.ActiveCfg = Debug|x64
		{77BEEC1A-3A1A-44E9-9806-B26EC175BDD5}.Debug|x64.Build.0 = Debug|x64
		{77BEEC1A-3A1A-44E9-9806-B26EC175BDD5}.Debug|x86.ActiveCfg = Debug|Win32
		{77BEEC1A-3A1A-44E9-9806-B26EC175BDD5}.Debug|x86.Build.0 = Debug|Win32
		{77BEEC1A-3A1A-44E9-9806-B26EC175BDD5}.Release|x64.ActiveCfg = Release|x64
		{77BEEC1A-3A1A-44E9-9806-B26EC175BDD5}.Release|x64.Build.0 = Release|x64
		{77BEEC1A-3A1A-44E9-9806-B26EC175BDD5}.Release|x86.ActiveCfg = Release|Win32
		{77BEEC1A-3A1A-44E9-9806-B26EC175BDD5}.Release|x86.Build.0 = Release|Win32
		{58E2F2BA-41CE-4553-8189-55EEA0F3A8ED}.Debug|x64.ActiveCfg = Debug|x64
		{58E2F2BA-41CE-4553-8189-55EEA0F3A8ED}.Debug|x64.Build.0 = Debug|x64
		{58E2F2BA-41CE-4553-8189-55EEA0F3A8ED}.Debug|x86.ActiveCfg = Debug|Win32
		{58E2F2BA-41CE-4553-8189-55EEA0F3A8ED}.Debug|x86.Build.0 = Debug|Win32
		{58E2F2BA-41CE-4553-8189-55EEA0F3A8ED}.Release|x64.ActiveCfg = Release|x64
		{58E2F2BA-41CE-4553-8189-55EEA0F3A8ED}.Release|x64.Build.0 = Release|x64
		{58E2F2BA-41CE-4553-8189-55EEA0F3A8ED}.Release|x86.ActiveCfg = Release|Win32
		{58E2F2BA-41CE-4553-8189-55EEA0F3A8ED}.Release|x86.Build.0 = Release|Win32
		{54B68D51-6075-4B74-A67A-2A63689A15BE}.Debug|x64.ActiveCfg = Debug|x64
		{54B68D51-6075-4B74-A67A-2A63689A15BE}.Debug|x64.Build.0 = Debug|x64
		{54B68D51-6075-4B74-A67A-2A63689A15BE}.Debug|x86.ActiveCfg = Debug|Win32
		{54B68D51-6075-4B74-A67A-2A63689A15BE}.Debug|x86.Build.0 = Debug|Win32
		{54B68D51-6075-4B74-A67A-2A63689A15BE}.Release|x64.ActiveCfg = Release|x64
		{54B68D51-6075-4B74-A67A-2A63689A15BE}.Release|x64.Build.0 = Release|x64
		{54B68D51-6075-4B74-A67A-2A63689A15BE}.Release|x86.ActiveCfg = Release|Win32
		{54B68D51-6075-4B74-A67A-2A63689A15BE}.Release|x86.Build.0 = Release|Win32
		{FB8655C5-FCB4-460E-B55C-98AF83FD4008}.Debug|x64.ActiveCfg = Debug|x64
		{FB8655C5-FCB4-460E-B55C-98AF83FD4008}.Debug|x64.Build.0 = Debug|x64
		{FB8655C5-FCB4-460E-B55C-98AF83FD4008}.Debug|x86.ActiveCfg = Debug|Win32
		{FB8655C5-FCB4-460E-B55C-98AF83FD4008}.Debug|x86.Build.0 = Debug|Win32
		{FB8655C5-FCB4-460E-B55C-98AF83FD4008}.Release|x64.ActiveCfg = Release|x64
		{FB8655C5-FCB4-460E-B55C-98AF83FD4008}.Release|x64.Build.0 = Release|x64
		{FB8655C5-FCB4-460E-B55C-98AF83FD4008}.Release|x86.ActiveCfg = Release|Win32
		{FB8655C5-FCB4-460E-B55C-98AF83FD4008}.Release|x86.Build.0 = Release|Win32
		{D520D7E9-A007-44A4-913A-D23445356CE4}.Debug|x64.ActiveCfg = Debug|x64
		{D520D7E9-A007-44A4-913A-D23445356CE4}.Debug|x64.Build.0 = Debug|x64
		{D520D7E9-A007-44A4-913A-D23445356CE4}.Debug|x86.ActiveCfg = Debug|Win32
		{D520D7E9-A007-44A4-913A-D23445356CE4}.Debug|x86.Build.0 = Debug|Win32
		{D520D7E9-A007-44A4-913A-D23445356CE4}.Release|x64.ActiveCfg = Release|x64
		{D520D7E9-A007-44A4-913A-D23445356CE4}.Release|x64.Build.0 = Release|x64
		{D520D7E9-A007-44A4-913A-D23445356CE4}.Release|x86.ActiveCfg = Release|Win32
		{D520D7E9-A007-44A4-913A-D23445356CE4}.Release|x86.Build.0 = Release|Win32
		{87668AD2-9658-49B8-94BD-D35BD1B2103B}.Debug|x64.ActiveCfg = Debug|x64
		{87668AD2-9658-49B8-94BD-D35BD1B2103B}.Debug|x64.Build.0 = Debug|x64
		{87668AD2-9658-49B8-94BD-D35BD1B2103B}.Debug|x86.ActiveCfg = Debug|Win32
		{87668AD2-9658-49B8-94BD-D35BD1B2103B}.Debug|x86.Build.0 = Debug|Win32
		{87668AD2-9658-49B8-94BD-D35BD1B2103B}.Release|x64.ActiveCfg = Release|x64
		{87668AD2-9658-49B8-94BD-D35BD1B2103B}.Release|x64.Build.0 = Release|x64
		{87668AD2-9658-49B8-94BD-D35BD1B2103B}.Release|x86.ActiveCfg = Release|Win32
		{87668AD2-9658-49B8-94BD-D35BD1B2103B}.Release|x86.Build.0 = Release|Win32
		{0EA71E88-027E-4CEF-A715-ACD0A24FDC40}.Debug|x64.ActiveCfg = Debug|x64
		{0EA71E88-027E-4CEF-A715-ACD0A24FDC40}.Debug|x64.Build.0 = Debug|x64
		{0EA71E88-027E-4CEF-A715-ACD0A24FDC40}.Debug|x86.ActiveCfg = Debug|Win32
		{0EA71E88-027E-4CEF-A715-ACD0A24FDC40}.Debug|x86.Build.0 = Debug|Win32
		{0EA71E88-027E-4CEF-A715-ACD0A24FDC40}.Release|x64.ActiveCfg = Release|x64
		{0EA71E88-027E-4CEF-A715-ACD0A24FDC40}.Release|x64.Build.0 = Release|x64
		{0EA71E88-027E-4CEF-A715-ACD0A24FDC40}.Release|x86.ActiveCfg = Release|Win32
		{0EA71E88-027E-4CEF-A715-ACD0A24FDC40}.Release|x86.Build.0 = Release|Win32
		{AEFEC051-7A70-45D4-B4D8-8E422AD0AA90}.Debug|x64.ActiveCfg = Debug|x64
		{AEFEC051-7A70-45D4-B4D8-8E422AD0AA90}.Debug|x64.Build.0 = Debug|x64
		{AEFEC051-7A70-45D4-B4D8-8E422AD0AA90}.Debug|x86.ActiveCfg = Debug|Win32
		{AEFEC051-7A70-45D4-B4D8-8E422AD0AA90}.Debug|x86.Build.0 = Debug|Win32
		{AEFEC051-7A70-45D4-B4D8-8E422AD0AA90}.Release|x64.ActiveCfg = Release|x64
		{AEFEC051-7A70-45D4-B4D8-8E422AD0AA90}.Release|x64.Build.0 = Release|x64
		{AEFEC051-7A70-45D4-B4D8-8E422AD0AA90}.Release|x86.ActiveCfg = Release|Win32
		{AEFEC051-7A70-45D4-B4D8-8E422AD0AA90}.Release|x86.Build.0 = Release|Win32
		{1B4C585D-1E35-44D4-B8D8-F17294C597BC}.Debug|x64.ActiveCfg = Debug|x64
		{1B4C585D-1E35-44D4-B8D8-F17294C597BC}.Debug|x64.Build.0 = Debug|x64
		{1B4C585D-1E35-44D4-B8D8-F17294C597BC}.Debug|x86.ActiveCfg = Debug|Win32
		{1B4C585D-1E35-44D4-B8D8-F17294C597BC}.Debug|x86.Build.0 = Debug|Win32
		{1B4C585D-1E35-44D4-B8D8-F17294C597BC}.Release|x64.ActiveCfg = Release|x64
		{1B4C585D-1E35-44D4-B8D8-F17294C597BC}.Release|x64.Build.0 = Release|x64
		{1B4C585D-1E35-44D4-B8D8-F17294C597BC}.Release|x86.ActiveCfg = Release|Win32
		{1B4C585D-1E35-44D4-B8D8-F17294C597BC}.Release|x86.Build.0 = Release|Win32
	EndGlobalSection
	GlobalSection(SolutionProperties) = preSolution
		HideSolutionNode = FALSE
	EndGlobalSection
	GlobalSection(ExtensibilityGlobals) = postSolution
		SolutionGuid = {E1F40DE8-BF55-4993-8CF0-832D7F888D52}
	EndGlobalSection
EndGlobal
